<?xml version="1.0" encoding="utf-8"?>
<Project ToolsVersion="4.0" xmlns="http://schemas.microsoft.com/developer/msbuild/2003">
  <ItemGroup>
    <Filter Include="Source Files">
      <UniqueIdentifier>{4FC737F1-C7A5-4376-A066-2A32D752A2FF}</UniqueIdentifier>
      <Extensions>cpp;c;cxx;def;odl;idl;hpj;bat;asm;asmx</Extensions>
    </Filter>
    <Filter Include="Header Files">
      <UniqueIdentifier>{93995380-89BD-4b04-88EB-625FBE52EBFB}</UniqueIdentifier>
      <Extensions>h;hpp;hxx;hm;inl;inc;xsd</Extensions>
    </Filter>
    <Filter Include="Resource Files">
      <UniqueIdentifier>{67DA6AB6-F800-4c08-8B7A-83BB121AAD01}</UniqueIdentifier>
      <Extensions>rc;ico;cur;bmp;dlg;rc2;rct;bin;rgs;gif;jpg;jpeg;jpe;resx</Extensions>
    </Filter>
  </ItemGroup>
  <ItemGroup>
    <ClCompile Include="Config\pushconfig.cpp">
      <Filter>Source Files</Filter>
    </ClCompile>
    <ClCompile Include="Service\pushinstallexception.cpp">
      <Filter>Source Files</Filter>
    </ClCompile>
    <ClCompile Include="Service\pushinstalltelemetry.cpp">
      <Filter>Source Files</Filter>
    </ClCompile>
    <ClCompile Include="Service\pushinstallvmware.cpp">
      <Filter>Source Files</Filter>
    </ClCompile>
    <ClCompile Include="Service\pushjob.cpp">
      <Filter>Source Files</Filter>
    </ClCompile>
    <ClCompile Include="Service\pushjobdefinition.cpp">
      <Filter>Source Files</Filter>
    </ClCompile>
    <ClCompile Include="Service\pushinstallerrormessage.cpp">
      <Filter>Source Files</Filter>
    </ClCompile>
    <ClCompile Include="Service\SignMgr.cpp">
      <Filter>Source Files</Filter>
    </ClCompile>
    <ClCompile Include="Service\win32\pushjobmajor.cpp">
      <Filter>Source Files</Filter>
    </ClCompile>
    <ClCompile Include="Service\PushInstallSWMgrBase.cpp">
      <Filter>Source Files</Filter>
    </ClCompile>
  </ItemGroup>
  <ItemGroup>
    <ClInclude Include="Config\pushconfig.h">
      <Filter>Header Files</Filter>
    </ClInclude>
    <ClInclude Include="Service\defs.h">
      <Filter>Header Files</Filter>
    </ClInclude>
    <ClInclude Include="Service\errormessage.h">
      <Filter>Header Files</Filter>
    </ClInclude>
    <ClInclude Include="Service\pushinstallexception.h">
      <Filter>Header Files</Filter>
    </ClInclude>
    <ClInclude Include="Service\pushinstallfallbackexception.h">
      <Filter>Header Files</Filter>
    </ClInclude>
    <ClInclude Include="Service\pushinstalltelemetry.h">
      <Filter>Header Files</Filter>
    </ClInclude>
    <ClInclude Include="Service\pushjob.h">
      <Filter>Header Files</Filter>
    </ClInclude>
    <ClInclude Include="Service\pushjobdefinition.h">
      <Filter>Header Files</Filter>
    </ClInclude>
    <ClInclude Include="Service\pushjobspec.h">
      <Filter>Header Files</Filter>
    </ClInclude>
    <ClInclude Include="Service\SignMgr.h">
      <Filter>Header Files</Filter>
    </ClInclude>
    <ClInclude Include="Service\NotImplementedException.h">
      <Filter>Header Files</Filter>
    </ClInclude>
    <ClInclude Include="Service\NotInitializedException.h">
      <Filter>Header Files</Filter>
    </ClInclude>
    <ClInclude Include="CommunicationLayer\PushInstallCommunicationBase.h">
      <Filter>Header Files</Filter>
    </ClInclude>
    <ClInclude Include="Service\PushInstallSWMgrBase.h">
      <Filter>Header Files</Filter>
    </ClInclude>
    <ClInclude Include="Service\MobilityAgentNotFoundException.h">
      <Filter>Header Files</Filter>
    </ClInclude>
    <ClInclude Include="Service\PushClientNotFoundException.h">
      <Filter>Header Files</Filter>
    </ClInclude>
  </ItemGroup>
</Project>