<?xml version="1.0" encoding="utf-8"?>
<Project ToolsVersion="4.0" xmlns="http://schemas.microsoft.com/developer/msbuild/2003">
  <ItemGroup>
    <Filter Include="Source Files">
      <UniqueIdentifier>{4FC737F1-C7A5-4376-A066-2A32D752A2FF}</UniqueIdentifier>
      <Extensions>cpp;c;cc;cxx;def;odl;idl;hpj;bat;asm;asmx</Extensions>
    </Filter>
    <Filter Include="Header Files">
      <UniqueIdentifier>{93995380-89BD-4b04-88EB-625FBE52EBFB}</UniqueIdentifier>
      <Extensions>h;hh;hpp;hxx;hm;inl;inc;xsd</Extensions>
    </Filter>
    <Filter Include="Resource Files">
      <UniqueIdentifier>{67DA6AB6-F800-4c08-8B7A-83BB121AAD01}</UniqueIdentifier>
      <Extensions>rc;ico;cur;bmp;dlg;rc2;rct;bin;rgs;gif;jpg;jpeg;jpe;resx;tiff;tif;png;wav;mfcribbon-ms</Extensions>
    </Filter>
    <Filter Include="Source Files\win32">
      <UniqueIdentifier>{8b303c8b-6c14-4949-9907-874107d96fbb}</UniqueIdentifier>
    </Filter>
    <Filter Include="Header Files\win32">
      <UniqueIdentifier>{535b91d7-0e0f-483a-8982-04c4cd5f91fc}</UniqueIdentifier>
    </Filter>
  </ItemGroup>
  <ItemGroup>
    <ClCompile Include="main.cpp">
      <Filter>Source Files</Filter>
    </ClCompile>
    <ClCompile Include="EventLogReader.cpp">
      <Filter>Source Files\win32</Filter>
    </ClCompile>
    <ClCompile Include="EvtCollForwCommon.cpp">
      <Filter>Source Files</Filter>
    </ClCompile>
    <ClCompile Include="RunnerFactories.cpp">
      <Filter>Source Files</Filter>
    </ClCompile>
    <ClCompile Include="Collectors.cpp">
      <Filter>Source Files</Filter>
    </ClCompile>
    <ClCompile Include="Forwarders.cpp">
      <Filter>Source Files</Filter>
    </ClCompile>
    <ClCompile Include="Converters.cpp">
      <Filter>Source Files</Filter>
    </ClCompile>
    <ClCompile Include="TraceProcessor.cpp">
      <Filter>Source Files</Filter>
    </ClCompile>
    <ClCompile Include="EventHubRestHelper.cpp">
      <Filter>Source Files</Filter>
    </ClCompile>
  </ItemGroup>
  <ItemGroup>
    <ClInclude Include="EvtCollForwCommon.h">
      <Filter>Header Files</Filter>
    </ClInclude>
    <ClInclude Include="EventLogReader.h">
      <Filter>Header Files\win32</Filter>
    </ClInclude>
    <ClInclude Include="LoggerReader.h">
      <Filter>Header Files</Filter>
    </ClInclude>
    <ClInclude Include="Runners.h">
      <Filter>Header Files</Filter>
    </ClInclude>
    <ClInclude Include="Converters.h">
      <Filter>Header Files</Filter>
    </ClInclude>
    <ClInclude Include="Collectors.h">
      <Filter>Header Files</Filter>
    </ClInclude>
    <ClInclude Include="Forwarders.h">
      <Filter>Header Files</Filter>
    </ClInclude>
    <ClInclude Include="RunnerFactories.h">
      <Filter>Header Files</Filter>
    </ClInclude>
    <ClInclude Include="CollForwPair.h">
      <Filter>Header Files</Filter>
    </ClInclude>
    <ClInclude Include="resource.h">
      <Filter>Header Files</Filter>
    </ClInclude>
    <ClInclude Include="TraceProcessor.h">
      <Filter>Header Files</Filter>
    </ClInclude>
    <ClInclude Include="EventHubRestHelper.h">
      <Filter>Header Files</Filter>
    </ClInclude>
  </ItemGroup>
  <ItemGroup>
    <ResourceCompile Include="EvtCollForw.rc">
      <Filter>Resource Files</Filter>
    </ResourceCompile>
  </ItemGroup>
</Project>