Microsoft Visual Studio Solution File, Format Version 8.00
Project("{8BC9CEB8-8B4A-11D0-8D11-00A0C91BC942}") = "ChangeReader", "ChangeReader.vcproj", "{7A96855F-B29E-4923-9464-5A5D80D7D09C}"
	ProjectSection(ProjectDependencies) = postProject
	EndProjectSection
EndProject
Global
	GlobalSection(SolutionConfiguration) = preSolution
		Debug = Debug
		Release = Release
	EndGlobalSection
	GlobalSection(ProjectConfiguration) = postSolution
		{7A96855F-B29E-4923-9464-5A5D80D7D09C}.Debug.ActiveCfg = Debug|Win32
		{7A96855F-B29E-4923-9464-5A5D80D7D09C}.Debug.Build.0 = Debug|Win32
		{7A96855F-B29E-4923-9464-5A5D80D7D09C}.Release.ActiveCfg = Release|Win32
		{7A96855F-B29E-4923-9464-5A5D80D7D09C}.Release.Build.0 = Release|Win32
	EndGlobalSection
	GlobalSection(ExtensibilityGlobals) = postSolution
	EndGlobalSection
	GlobalSection(ExtensibilityAddIns) = postSolution
	EndGlobalSection
EndGlobal
