
Microsoft Visual Studio Solution File, Format Version 10.00
# Visual Studio 2008
Project("{8BC9CEB8-8B4A-11D0-8D11-00A0C91BC942}") = "CxService", "CxService.vcproj", "{5CB2B3DD-0BD9-4E7A-A851-1AEB0A488B5C}"
EndProject
Global
	GlobalSection(SolutionConfigurationPlatforms) = preSolution
		Debug|Win32 = Debug|Win32
		Release|Win32 = Release|Win32
	EndGlobalSection
	GlobalSection(ProjectConfigurationPlatforms) = postSolution
		{5CB2B3DD-0BD9-4E7A-A851-1AEB0A488B5C}.Debug|Win32.ActiveCfg = Debug|Win32
		{5CB2B3DD-0BD9-4E7A-A851-1AEB0A488B5C}.Debug|Win32.Build.0 = Debug|Win32
		{5CB2B3DD-0BD9-4E7A-A851-1AEB0A488B5C}.Release|Win32.ActiveCfg = Release|Win32
		{5CB2B3DD-0BD9-4E7A-A851-1AEB0A488B5C}.Release|Win32.Build.0 = Release|Win32
	EndGlobalSection
	GlobalSection(SolutionProperties) = preSolution
		HideSolutionNode = FALSE
	EndGlobalSection
EndGlobal
