
Microsoft Visual Studio Solution File, Format Version 12.00
# Visual Studio 2013
VisualStudioVersion = 12.0.30723.0
MinimumVisualStudioVersion = 10.0.40219.1
Project("{FAE04EC0-301F-11D3-BF4B-00C04F79EFBC}") = "CXAPITest", "CXAPITest.csproj", "{B0E9F4F7-B79F-4B05-B514-0C0AB5A0E166}"
EndProject
Project("{FAE04EC0-301F-11D3-BF4B-00C04F79EFBC}") = "InMageAPILibrary", "..\..\InMageAPILibrary\InMageAPILibrary.csproj", "{F8871CC8-44BC-4356-B440-00A58E47C0F1}"
EndProject
Project("{FAE04EC0-301F-11D3-BF4B-00C04F79EFBC}") = "httpclient", "..\..\csharphttpclient\httpclient.csproj", "{AFA371E1-579B-4347-B4A8-EC6DFB94442A}"
EndProject
Project("{FAE04EC0-301F-11D3-BF4B-00C04F79EFBC}") = "APITestLib", "..\APITestLib\APITestLib.csproj", "{FEE4BEB6-4DDF-4CB9-A1BD-4A9E1BC88CDD}"
EndProject
Global
	GlobalSection(SolutionConfigurationPlatforms) = preSolution
		Debug|Any CPU = Debug|Any CPU
		Debug|x64 = Debug|x64
		Release|Any CPU = Release|Any CPU
		Release|x64 = Release|x64
	EndGlobalSection
	GlobalSection(ProjectConfigurationPlatforms) = postSolution
		{B0E9F4F7-B79F-4B05-B514-0C0AB5A0E166}.Debug|Any CPU.ActiveCfg = Debug|Any CPU
		{B0E9F4F7-B79F-4B05-B514-0C0AB5A0E166}.Debug|Any CPU.Build.0 = Debug|Any CPU
		{B0E9F4F7-B79F-4B05-B514-0C0AB5A0E166}.Debug|x64.ActiveCfg = Debug|Any CPU
		{B0E9F4F7-B79F-4B05-B514-0C0AB5A0E166}.Release|Any CPU.ActiveCfg = Release|Any CPU
		{B0E9F4F7-B79F-4B05-B514-0C0AB5A0E166}.Release|Any CPU.Build.0 = Release|Any CPU
		{B0E9F4F7-B79F-4B05-B514-0C0AB5A0E166}.Release|x64.ActiveCfg = Release|Any CPU
		{F8871CC8-44BC-4356-B440-00A58E47C0F1}.Debug|Any CPU.ActiveCfg = Debug|Any CPU
		{F8871CC8-44BC-4356-B440-00A58E47C0F1}.Debug|Any CPU.Build.0 = Debug|Any CPU
		{F8871CC8-44BC-4356-B440-00A58E47C0F1}.Debug|x64.ActiveCfg = Debug|x64
		{F8871CC8-44BC-4356-B440-00A58E47C0F1}.Debug|x64.Build.0 = Debug|x64
		{F8871CC8-44BC-4356-B440-00A58E47C0F1}.Release|Any CPU.ActiveCfg = Release|Any CPU
		{F8871CC8-44BC-4356-B440-00A58E47C0F1}.Release|Any CPU.Build.0 = Release|Any CPU
		{F8871CC8-44BC-4356-B440-00A58E47C0F1}.Release|x64.ActiveCfg = Release|x64
		{F8871CC8-44BC-4356-B440-00A58E47C0F1}.Release|x64.Build.0 = Release|x64
		{AFA371E1-579B-4347-B4A8-EC6DFB94442A}.Debug|Any CPU.ActiveCfg = Debug|Any CPU
		{AFA371E1-579B-4347-B4A8-EC6DFB94442A}.Debug|Any CPU.Build.0 = Debug|Any CPU
		{AFA371E1-579B-4347-B4A8-EC6DFB94442A}.Debug|x64.ActiveCfg = Debug|Any CPU
		{AFA371E1-579B-4347-B4A8-EC6DFB94442A}.Release|Any CPU.ActiveCfg = Release|Any CPU
		{AFA371E1-579B-4347-B4A8-EC6DFB94442A}.Release|Any CPU.Build.0 = Release|Any CPU
		{AFA371E1-579B-4347-B4A8-EC6DFB94442A}.Release|x64.ActiveCfg = Release|Any CPU
		{FEE4BEB6-4DDF-4CB9-A1BD-4A9E1BC88CDD}.Debug|Any CPU.ActiveCfg = Debug|Any CPU
		{FEE4BEB6-4DDF-4CB9-A1BD-4A9E1BC88CDD}.Debug|Any CPU.Build.0 = Debug|Any CPU
		{FEE4BEB6-4DDF-4CB9-A1BD-4A9E1BC88CDD}.Debug|x64.ActiveCfg = Debug|Any CPU
		{FEE4BEB6-4DDF-4CB9-A1BD-4A9E1BC88CDD}.Release|Any CPU.ActiveCfg = Release|Any CPU
		{FEE4BEB6-4DDF-4CB9-A1BD-4A9E1BC88CDD}.Release|Any CPU.Build.0 = Release|Any CPU
		{FEE4BEB6-4DDF-4CB9-A1BD-4A9E1BC88CDD}.Release|x64.ActiveCfg = Release|Any CPU
	EndGlobalSection
	GlobalSection(SolutionProperties) = preSolution
		HideSolutionNode = FALSE
	EndGlobalSection
EndGlobal
