<?xml version="1.0" encoding="utf-8"?>
<Project ToolsVersion="4.0" xmlns="http://schemas.microsoft.com/developer/msbuild/2003">
  <ItemGroup>
    <Filter Include="Source Files">
      <UniqueIdentifier>{4FC737F1-C7A5-4376-A066-2A32D752A2FF}</UniqueIdentifier>
      <Extensions>cpp;c;cxx;def;odl;idl;hpj;bat;asm;asmx</Extensions>
    </Filter>
    <Filter Include="Header Files">
      <UniqueIdentifier>{93995380-89BD-4b04-88EB-625FBE52EBFB}</UniqueIdentifier>
      <Extensions>h;hpp;hxx;hm;inl;inc;xsd</Extensions>
    </Filter>
    <Filter Include="Resource Files">
      <UniqueIdentifier>{67DA6AB6-F800-4c08-8B7A-83BB121AAD01}</UniqueIdentifier>
      <Extensions>rc;ico;cur;bmp;dlg;rc2;rct;bin;rgs;gif;jpg;jpeg;jpe;resx</Extensions>
    </Filter>
  </ItemGroup>
  <ItemGroup>
    <ClCompile Include="ArgParser.cpp">
      <Filter>Source Files</Filter>
    </ClCompile>
    <ClCompile Include="CmdRequest.cpp">
      <Filter>Source Files</Filter>
    </ClCompile>
    <ClCompile Include="Communicator.cpp">
      <Filter>Source Files</Filter>
    </ClCompile>
    <ClCompile Include="StreamEngine\StreamEngine.cpp">
      <Filter>Source Files</Filter>
    </ClCompile>
    <ClCompile Include="util.cpp">
      <Filter>Source Files</Filter>
    </ClCompile>
    <ClCompile Include="vacp.cpp">
      <Filter>Source Files</Filter>
    </ClCompile>
    <ClCompile Include="VssRequestor.cpp">
      <Filter>Source Files</Filter>
    </ClCompile>
    <ClCompile Include="VssWriter.cpp">
      <Filter>Source Files</Filter>
    </ClCompile>
    <ClCompile Include="SecureTransport.cpp">
      <Filter>Source Files</Filter>
    </ClCompile>
    <ClCompile Include="VacpLogger.cpp">
      <Filter>Source Files</Filter>
    </ClCompile>
    <ClCompile Include="wmiutils.cpp">
      <Filter>Source Files</Filter>
    </ClCompile>
    <ClCompile Include="diskutils.cpp">
      <Filter>Source Files</Filter>
    </ClCompile>
    <ClCompile Include="deviceutils.cpp">
      <Filter>Source Files</Filter>
    </ClCompile>
    <ClCompile Include="..\common\win32\DiskHelpers.cpp">
      <Filter>Source Files</Filter>
    </ClCompile>
    <ClInclude Include="..\common\win32\registry.cpp">
      <Filter>Source Files</Filter>
    </ClInclude>
    <ClInclude Include="..\common\win32\Failoverclusterinfocollector.cpp">
      <Filter>Source Files</Filter>
    </ClInclude>
    <ClCompile Include="..\hydrationconfigurator\HydrationConfigurator.cpp">
      <Filter>Source Files</Filter>
    </ClCompile>
    <ClCompile Include="..\hydrationconfigurator\win\HydrationProvider.cpp">
      <Filter>Source Files</Filter>
    </ClCompile>
  </ItemGroup>
  <ItemGroup>
    <ClInclude Include="ArgParser.h">
      <Filter>Header Files</Filter>
    </ClInclude>
    <ClInclude Include="CmdRequest.h">
      <Filter>Header Files</Filter>
    </ClInclude>
    <ClInclude Include="common.h">
      <Filter>Header Files</Filter>
    </ClInclude>
    <ClInclude Include="Communicator.h">
      <Filter>Header Files</Filter>
    </ClInclude>
    <ClInclude Include="..\drivers\InVolFlt\win32\InVolFlt.h">
      <Filter>Header Files</Filter>
    </ClInclude>
    <ClInclude Include="StreamEngine\InvoltTypes.h">
      <Filter>Header Files</Filter>
    </ClInclude>
    <ClInclude Include="macros.h">
      <Filter>Header Files</Filter>
    </ClInclude>
    <ClInclude Include="resource.h">
      <Filter>Header Files</Filter>
    </ClInclude>
    <ClInclude Include="stdafx.h">
      <Filter>Header Files</Filter>
    </ClInclude>
    <ClInclude Include="StreamEngine\StreamEngine.h">
      <Filter>Header Files</Filter>
    </ClInclude>
    <ClInclude Include="StreamEngine\StreamRecords.h">
      <Filter>Header Files</Filter>
    </ClInclude>
    <ClInclude Include="util.h">
      <Filter>Header Files</Filter>
    </ClInclude>
    <ClInclude Include="vacp.h">
      <Filter>Header Files</Filter>
    </ClInclude>
    <ClInclude Include="..\config\vacp_tag_info.h">
      <Filter>Header Files</Filter>
    </ClInclude>
    <ClInclude Include="VssRequestor.h">
      <Filter>Header Files</Filter>
    </ClInclude>
    <ClInclude Include="VssWriter.h">
      <Filter>Header Files</Filter>
    </ClInclude>
    <ClInclude Include="..\common\win32\registry.h">
      <Filter>Header Files</Filter>
    </ClInclude>
    <ClInclude Include="..\common\win32\Failoverclusterinfocollector.h">
      <Filter>Header Files</Filter>
    </ClInclude>
    <ClInclude Include="PerfCounter.h">
      <Filter>Header Files</Filter>
    </ClInclude>
    <ClInclude Include="SecureTransport.h">
      <Filter>Header Files</Filter>
    </ClInclude>
    <ClInclude Include="VacpConf.h">
      <Filter>Header Files</Filter>
    </ClInclude>
    <ClInclude Include="..\vacplibs\VacpErrorCodes.h">
      <Filter>Header Files</Filter>
    </ClInclude>
    <ClInclude Include="diskutils.h">
      <Filter>Header Files</Filter>
    </ClInclude>
    <ClInclude Include="deviceutils.h">
      <Filter>Header Files</Filter>
    </ClInclude>
    <ClInclude Include="..\common\win32\DiskHelpers.h">
      <Filter>Header Files</Filter>
    </ClInclude>
    <ClInclude Include="vacpwmiutils.h">
      <Filter>Header Files</Filter>
    </ClInclude>
    <ClInclude Include="..\common\win32\VacpErrors.h">
      <Filter>Header Files</Filter>
    </ClInclude>
  </ItemGroup>
  <ItemGroup>
    <ResourceCompile Include="vacp.rc">
      <Filter>Resource Files</Filter>
    </ResourceCompile>
  </ItemGroup>
  <ItemGroup>
    <Text Include="readme.txt" />
  </ItemGroup>
</Project>