<?xml version="1.0" encoding="utf-8"?>
<Project ToolsVersion="4.0" xmlns="http://schemas.microsoft.com/developer/msbuild/2003">
  <ItemGroup>
    <Filter Include="Source Files">
      <UniqueIdentifier>{a94328ce-6946-4ad3-95f1-cb3b04103348}</UniqueIdentifier>
      <Extensions>cpp;c;cxx;def;odl;idl;hpj;bat;asm</Extensions>
    </Filter>
    <Filter Include="Resource Files">
      <UniqueIdentifier>{a861ba59-f3e5-4777-a959-fdc15d96eb11}</UniqueIdentifier>
      <Extensions>rc;ico;cur;bmp;dlg;rc2;rct;bin;rgs;gif;jpg;jpeg;jpe</Extensions>
    </Filter>
    <Filter Include="Header Files">
      <UniqueIdentifier>{3d4a09ba-df0d-4b71-ac5f-9aeb87bf56b4}</UniqueIdentifier>
      <Extensions>h;hpp;hxx;hm;inl;inc</Extensions>
    </Filter>
  </ItemGroup>
  <ItemGroup>
    <ClCompile Include="..\ClusterCustomerResource\clustmon\cluster.cpp">
      <Filter>Source Files</Filter>
    </ClCompile>
    <ClCompile Include="clustergen.cpp">
      <Filter>Source Files</Filter>
    </ClCompile>
    <ClCompile Include="clusterparams.cpp">
      <Filter>Source Files</Filter>
    </ClCompile>
    <ClCompile Include="dataprotection.cpp">
      <Filter>Source Files</Filter>
    </ClCompile>
    <ClCompile Include="dataprotector.cpp">
      <Filter>Source Files</Filter>
    </ClCompile>
    <ClCompile Include="fastsync.cpp">
      <Filter>Source Files</Filter>
    </ClCompile>
    <ClCompile Include="fsclusterinfo.cpp">
      <Filter>Source Files</Filter>
    </ClCompile>
    <ClCompile Include="hashcomparedata.cpp">
      <Filter>Source Files</Filter>
    </ClCompile>
    <ClCompile Include="hcdgen.cpp">
      <Filter>Source Files</Filter>
    </ClCompile>
    <ClCompile Include="hcdsend.cpp">
      <Filter>Source Files</Filter>
    </ClCompile>
    <ClCompile Include="main.cpp">
      <Filter>Source Files</Filter>
    </ClCompile>
    <ClCompile Include="processcluster.cpp">
      <Filter>Source Files</Filter>
    </ClCompile>
    <ClCompile Include="..\dataprotectionCommon\globalHealthCollator.cpp">
      <Filter>Source Files</Filter>
    </ClCompile>
  </ItemGroup>
  <ItemGroup>
    <ResourceCompile Include="dataprotection.rc">
      <Filter>Resource Files</Filter>
    </ResourceCompile>
  </ItemGroup>
  <ItemGroup>
    <ClInclude Include="..\ClusterCustomerResource\clustmon\cluster.h">
      <Filter>Header Files</Filter>
    </ClInclude>
    <ClInclude Include="dataprotection.h">
      <Filter>Header Files</Filter>
    </ClInclude>
    <ClInclude Include="dataprotector.h">
      <Filter>Header Files</Filter>
    </ClInclude>
    <ClInclude Include="fastsync.h">
      <Filter>Header Files</Filter>
    </ClInclude>
    <ClInclude Include="fsclusterinfo.h">
      <Filter>Header Files</Filter>
    </ClInclude>
    <ClInclude Include="hashcomparedata.h">
      <Filter>Header Files</Filter>
    </ClInclude>
    <ClInclude Include="hcdgen.h">
      <Filter>Header Files</Filter>
    </ClInclude>
    <ClInclude Include="processcluster.h">
      <Filter>Header Files</Filter>
    </ClInclude>
    <ClInclude Include="resource.h">
      <Filter>Header Files</Filter>
    </ClInclude>
    <ClInclude Include="irprofiling.h">
      <Filter>Header Files</Filter>
    </ClInclude>
    <ClInclude Include="..\dataprotectionCommon\dataprotectionBase.h">
      <Filter>Header Files</Filter>
    </ClInclude>
    <ClInclude Include="..\dataprotectionCommon\globalHealthCollator.h">
      <Filter>Header Files</Filter>
    </ClInclude>
  </ItemGroup>
</Project>