
Microsoft Visual Studio Solution File, Format Version 12.00
# Visual Studio 15
VisualStudioVersion = 15.0.28307.1209
MinimumVisualStudioVersion = 10.0.40219.1
Project("{FAE04EC0-301F-11D3-BF4B-00C04F79EFBC}") = "ASRDiagnostic", "ASRDiagnostic\ASRDiagnostic.csproj", "{6C9A8CA3-3CA1-458A-905A-8242A3172DD9}"
EndProject
Project("{FAE04EC0-301F-11D3-BF4B-00C04F79EFBC}") = "SHRAnalysis", "SHRAnalysis\SHRAnalysis.csproj", "{905A6BA8-09B0-4E55-82C2-E1A4EDD82D03}"
EndProject
Global
	GlobalSection(SolutionConfigurationPlatforms) = preSolution
		Debug|Any CPU = Debug|Any CPU
		Release|Any CPU = Release|Any CPU
	EndGlobalSection
	GlobalSection(ProjectConfigurationPlatforms) = postSolution
		{6C9A8CA3-3CA1-458A-905A-8242A3172DD9}.Debug|Any CPU.ActiveCfg = Debug|Any CPU
		{6C9A8CA3-3CA1-458A-905A-8242A3172DD9}.Debug|Any CPU.Build.0 = Debug|Any CPU
		{6C9A8CA3-3CA1-458A-905A-8242A3172DD9}.Release|Any CPU.ActiveCfg = Release|Any CPU
		{6C9A8CA3-3CA1-458A-905A-8242A3172DD9}.Release|Any CPU.Build.0 = Release|Any CPU
		{905A6BA8-09B0-4E55-82C2-E1A4EDD82D03}.Debug|Any CPU.ActiveCfg = Debug|Any CPU
		{905A6BA8-09B0-4E55-82C2-E1A4EDD82D03}.Debug|Any CPU.Build.0 = Debug|Any CPU
		{905A6BA8-09B0-4E55-82C2-E1A4EDD82D03}.Release|Any CPU.ActiveCfg = Release|Any CPU
		{905A6BA8-09B0-4E55-82C2-E1A4EDD82D03}.Release|Any CPU.Build.0 = Release|Any CPU
	EndGlobalSection
	GlobalSection(SolutionProperties) = preSolution
		HideSolutionNode = FALSE
	EndGlobalSection
	GlobalSection(ExtensibilityGlobals) = postSolution
		SolutionGuid = {0F212A21-20BA-4342-B23B-A7694C9FAD3B}
	EndGlobalSection
EndGlobal
