<?xml version="1.0" encoding="utf-8"?>
<Project ToolsVersion="4.0" xmlns="http://schemas.microsoft.com/developer/msbuild/2003">
  <ItemGroup>
    <Filter Include="Source Files">
      <UniqueIdentifier>{4FC737F1-C7A5-4376-A066-2A32D752A2FF}</UniqueIdentifier>
      <Extensions>cpp;c;cxx;def;odl;idl;hpj;bat;asm;asmx</Extensions>
    </Filter>
    <Filter Include="Header Files">
      <UniqueIdentifier>{93995380-89BD-4b04-88EB-625FBE52EBFB}</UniqueIdentifier>
      <Extensions>h;hpp;hxx;hm;inl;inc;xsd</Extensions>
    </Filter>
    <Filter Include="Resource Files">
      <UniqueIdentifier>{67DA6AB6-F800-4c08-8B7A-83BB121AAD01}</UniqueIdentifier>
      <Extensions>rc;ico;cur;bmp;dlg;rc2;rct;bin;rgs;gif;jpg;jpeg;jpe;resx</Extensions>
    </Filter>
  </ItemGroup>
  <ItemGroup>
    <ClCompile Include="cdpdeftestbed.cpp">
      <Filter>Source Files</Filter>
    </ClCompile>
    <ClCompile Include="cdpsnapshotrequesttestbed.cpp">
      <Filter>Source Files</Filter>
    </ClCompile>
    <ClCompile Include="configuratorrpctestbed.cpp">
      <Filter>Source Files</Filter>
    </ClCompile>
    <ClCompile Include="configurevxagentproxytestbed.cpp">
      <Filter>Source Files</Filter>
    </ClCompile>
    <ClCompile Include="configwrappertestbed.cpp">
      <Filter>Source Files</Filter>
    </ClCompile>
    <ClCompile Include="fileconfiguratorextestbed.cpp">
      <Filter>Source Files</Filter>
    </ClCompile>
    <ClCompile Include="fileconfiguratortestbed.cpp">
      <Filter>Source Files</Filter>
    </ClCompile>
    <ClCompile Include="initialsettingstestbed.cpp">
      <Filter>Source Files</Filter>
    </ClCompile>
    <ClCompile Include="marshaltestbed.cpp">
      <Filter>Source Files</Filter>
    </ClCompile>
    <ClCompile Include="retentioninformationtestbed.cpp">
      <Filter>Source Files</Filter>
    </ClCompile>
    <ClCompile Include="retentionsettingstestbed.cpp">
      <Filter>Source Files</Filter>
    </ClCompile>
    <ClCompile Include="rpcconfiguratortestbed.cpp">
      <Filter>Source Files</Filter>
    </ClCompile>
    <ClCompile Include="serializeatconfigmanagersettingstestbed.cpp">
      <Filter>Source Files</Filter>
    </ClCompile>
    <ClCompile Include="serializecdpsnapshotrequesttestbed.cpp">
      <Filter>Source Files</Filter>
    </ClCompile>
    <ClCompile Include="serializeinitialsettingstestbed.cpp">
      <Filter>Source Files</Filter>
    </ClCompile>
    <ClCompile Include="serializeprismsettingstestbed.cpp">
      <Filter>Source Files</Filter>
    </ClCompile>
    <ClCompile Include="serializeretentioninformationtestbed.cpp">
      <Filter>Source Files</Filter>
    </ClCompile>
    <ClCompile Include="serializeretentionsettingstestbed.cpp">
      <Filter>Source Files</Filter>
    </ClCompile>
    <ClCompile Include="serializeswitchinitialsettingstestbed.cpp">
      <Filter>Source Files</Filter>
    </ClCompile>
    <ClCompile Include="serializetransport_settingstestbed.cpp">
      <Filter>Source Files</Filter>
    </ClCompile>
    <ClCompile Include="serializevolumegroupsettingstestbed.cpp">
      <Filter>Source Files</Filter>
    </ClCompile>
    <ClCompile Include="svconfigtestbed.cpp">
      <Filter>Source Files</Filter>
    </ClCompile>
    <ClCompile Include="svsemaphoretestbed.cpp">
      <Filter>Source Files</Filter>
    </ClCompile>
    <ClCompile Include="switchinitialsettingstestbed.cpp">
      <Filter>Source Files</Filter>
    </ClCompile>
    <ClCompile Include="talwrappertestbed.cpp">
      <Filter>Source Files</Filter>
    </ClCompile>
    <ClCompile Include="unmarshaltestbed.cpp">
      <Filter>Source Files</Filter>
    </ClCompile>
    <ClCompile Include="volumegroupsettingstestbed.cpp">
      <Filter>Source Files</Filter>
    </ClCompile>
    <ClCompile Include="xmlizeatconfigmanagersettingstestbed.cpp">
      <Filter>Source Files</Filter>
    </ClCompile>
    <ClCompile Include="xmlizecdpsnapshotrequesttestbed.cpp">
      <Filter>Source Files</Filter>
    </ClCompile>
    <ClCompile Include="xmlizeinitialsettingstestbed.cpp">
      <Filter>Source Files</Filter>
    </ClCompile>
    <ClCompile Include="xmlizeprismsettingstestbed.cpp">
      <Filter>Source Files</Filter>
    </ClCompile>
    <ClCompile Include="xmlizeretentioninformationtestbed.cpp">
      <Filter>Source Files</Filter>
    </ClCompile>
    <ClCompile Include="xmlizeretentionsettingstestbed.cpp">
      <Filter>Source Files</Filter>
    </ClCompile>
    <ClCompile Include="xmlizetransport_settingstestbed.cpp">
      <Filter>Source Files</Filter>
    </ClCompile>
    <ClCompile Include="xmlizevolumegroupsettingstestbed.cpp">
      <Filter>Source Files</Filter>
    </ClCompile>
  </ItemGroup>
  <ItemGroup>
    <ClInclude Include="..\atconfigmanagersettings.h">
      <Filter>Header Files</Filter>
    </ClInclude>
    <ClInclude Include="..\cdpsnapshotrequest.h">
      <Filter>Header Files</Filter>
    </ClInclude>
    <ClInclude Include="..\configurator2.h">
      <Filter>Header Files</Filter>
    </ClInclude>
    <ClInclude Include="..\configuratorrpc.h">
      <Filter>Header Files</Filter>
    </ClInclude>
    <ClInclude Include="..\configureclustermanager.h">
      <Filter>Header Files</Filter>
    </ClInclude>
    <ClInclude Include="..\configurecxagent.h">
      <Filter>Header Files</Filter>
    </ClInclude>
    <ClInclude Include="..\configurereplicationpair.h">
      <Filter>Header Files</Filter>
    </ClInclude>
    <ClInclude Include="..\configurereplicationpairmanager.h">
      <Filter>Header Files</Filter>
    </ClInclude>
    <ClInclude Include="..\configureretentionmanager.h">
      <Filter>Header Files</Filter>
    </ClInclude>
    <ClInclude Include="..\configureservice.h">
      <Filter>Header Files</Filter>
    </ClInclude>
    <ClInclude Include="..\configureservicemanager.h">
      <Filter>Header Files</Filter>
    </ClInclude>
    <ClInclude Include="..\configuresnapshot.h">
      <Filter>Header Files</Filter>
    </ClInclude>
    <ClInclude Include="..\configuresnapshotmanager.h">
      <Filter>Header Files</Filter>
    </ClInclude>
    <ClInclude Include="..\configurevolume.h">
      <Filter>Header Files</Filter>
    </ClInclude>
    <ClInclude Include="..\configurevolumegroups.h">
      <Filter>Header Files</Filter>
    </ClInclude>
    <ClInclude Include="..\configurevolumemanager.h">
      <Filter>Header Files</Filter>
    </ClInclude>
    <ClInclude Include="..\configurevolumemanagerproxy.h">
      <Filter>Header Files</Filter>
    </ClInclude>
    <ClInclude Include="..\configurevxagent.h">
      <Filter>Header Files</Filter>
    </ClInclude>
    <ClInclude Include="..\configurevxagentproxy.h">
      <Filter>Header Files</Filter>
    </ClInclude>
    <ClInclude Include="..\configurevxtransport.h">
      <Filter>Header Files</Filter>
    </ClInclude>
    <ClInclude Include="..\configwrapper.h">
      <Filter>Header Files</Filter>
    </ClInclude>
    <ClInclude Include="..\cxproxy.h">
      <Filter>Header Files</Filter>
    </ClInclude>
    <ClInclude Include="..\fileconfigurator.h">
      <Filter>Header Files</Filter>
    </ClInclude>
    <ClInclude Include="..\initialsettings.h">
      <Filter>Header Files</Filter>
    </ClInclude>
    <ClInclude Include="..\win\localconfigurator.h">
      <Filter>Header Files</Filter>
    </ClInclude>
    <ClInclude Include="..\marshal.h">
      <Filter>Header Files</Filter>
    </ClInclude>
    <ClInclude Include="..\rpcconfigurator.h">
      <Filter>Header Files</Filter>
    </ClInclude>
    <ClInclude Include="serializeatconfigmanagersettings.h">
      <Filter>Header Files</Filter>
    </ClInclude>
    <ClInclude Include="serializecdpsnapshotrequest.h">
      <Filter>Header Files</Filter>
    </ClInclude>
    <ClInclude Include="serializeinitialsettings.h">
      <Filter>Header Files</Filter>
    </ClInclude>
    <ClInclude Include="serializeprismsettings.h">
      <Filter>Header Files</Filter>
    </ClInclude>
    <ClInclude Include="serializeretentioninformation.h">
      <Filter>Header Files</Filter>
    </ClInclude>
    <ClInclude Include="serializeretentionsettings.h">
      <Filter>Header Files</Filter>
    </ClInclude>
    <ClInclude Include="serializeswitchinitialsettings.h">
      <Filter>Header Files</Filter>
    </ClInclude>
    <ClInclude Include="serializetransport_settings.h">
      <Filter>Header Files</Filter>
    </ClInclude>
    <ClInclude Include="serializevolumegroupsettings.h">
      <Filter>Header Files</Filter>
    </ClInclude>
    <ClInclude Include="..\sigslot.h">
      <Filter>Header Files</Filter>
    </ClInclude>
    <ClInclude Include="..\snapshotmanagerproxy.h">
      <Filter>Header Files</Filter>
    </ClInclude>
    <ClInclude Include="..\svconfig.h">
      <Filter>Header Files</Filter>
    </ClInclude>
    <ClInclude Include="..\svsemaphore.h">
      <Filter>Header Files</Filter>
    </ClInclude>
    <ClInclude Include="..\switchinitialsettings.h">
      <Filter>Header Files</Filter>
    </ClInclude>
    <ClInclude Include="..\talwrapper.h">
      <Filter>Header Files</Filter>
    </ClInclude>
    <ClInclude Include="..\throttlesettings.h">
      <Filter>Header Files</Filter>
    </ClInclude>
    <ClInclude Include="..\transport_settings.h">
      <Filter>Header Files</Filter>
    </ClInclude>
    <ClInclude Include="..\unmarshal.h">
      <Filter>Header Files</Filter>
    </ClInclude>
    <ClInclude Include="..\volumegroupsettings.h">
      <Filter>Header Files</Filter>
    </ClInclude>
    <ClInclude Include="xmlizeatconfigmanagersettings.h">
      <Filter>Header Files</Filter>
    </ClInclude>
    <ClInclude Include="xmlizecdpsnapshotrequest.h">
      <Filter>Header Files</Filter>
    </ClInclude>
    <ClInclude Include="xmlizeinitialsettings.h">
      <Filter>Header Files</Filter>
    </ClInclude>
    <ClInclude Include="xmlizeprismsettings.h">
      <Filter>Header Files</Filter>
    </ClInclude>
    <ClInclude Include="xmlizeretentioninformation.h">
      <Filter>Header Files</Filter>
    </ClInclude>
    <ClInclude Include="xmlizeretentionsettings.h">
      <Filter>Header Files</Filter>
    </ClInclude>
    <ClInclude Include="xmlizetransport_settings.h">
      <Filter>Header Files</Filter>
    </ClInclude>
    <ClInclude Include="xmlizevolumegroupsettings.h">
      <Filter>Header Files</Filter>
    </ClInclude>
  </ItemGroup>
  <ItemGroup>
    <Text Include="ReadMe.txt" />
  </ItemGroup>
</Project>