
Microsoft Visual Studio Solution File, Format Version 12.00
# Visual Studio 15
VisualStudioVersion = 15.0.28307.757
MinimumVisualStudioVersion = 10.0.40219.1
Project("{FAE04EC0-301F-11D3-BF4B-00C04F79EFBC}") = "UnifiedSetup", "WrapperSetup\UnifiedSetup.csproj", "{A72571AB-F6C5-4D13-9FBC-1396354066D7}"
	ProjectSection(ProjectDependencies) = postProject
		{B674442D-4689-4758-8460-D87C8727B8FF} = {B674442D-4689-4758-8460-D87C8727B8FF}
		{BC91066C-7CAA-46A5-9D50-BEC3C37D7AEC} = {BC91066C-7CAA-46A5-9D50-BEC3C37D7AEC}
		{AE6A399D-EC84-455F-8F11-FF7141E8BFE9} = {AE6A399D-EC84-455F-8F11-FF7141E8BFE9}
		{4E0657A2-B72E-4AF0-B92D-3E805E74E67F} = {4E0657A2-B72E-4AF0-B92D-3E805E74E67F}
	EndProjectSection
EndProject
Project("{FAE04EC0-301F-11D3-BF4B-00C04F79EFBC}") = "ASRResources", "ASRResources\ASRResources.csproj", "{AE6A399D-EC84-455F-8F11-FF7141E8BFE9}"
EndProject
Project("{FAE04EC0-301F-11D3-BF4B-00C04F79EFBC}") = "ASRSetupFramework", "SetupFramework\ASRSetupFramework.csproj", "{B674442D-4689-4758-8460-D87C8727B8FF}"
	ProjectSection(ProjectDependencies) = postProject
		{AE6A399D-EC84-455F-8F11-FF7141E8BFE9} = {AE6A399D-EC84-455F-8F11-FF7141E8BFE9}
	EndProjectSection
EndProject
Project("{FAE04EC0-301F-11D3-BF4B-00C04F79EFBC}") = "GeneratePropertySheet", "Packager\GeneratePropertySheet\GeneratePropertySheet.csproj", "{8F938B82-8310-4FDA-ADA3-4E0896DA1465}"
EndProject
Project("{FAE04EC0-301F-11D3-BF4B-00C04F79EFBC}") = "Packager", "Packager\Packager.csproj", "{FEB07364-663B-4DEB-A70B-B36E8733D829}"
	ProjectSection(ProjectDependencies) = postProject
		{8F938B82-8310-4FDA-ADA3-4E0896DA1465} = {8F938B82-8310-4FDA-ADA3-4E0896DA1465}
	EndProjectSection
EndProject
Project("{930C7802-8A8C-48F9-8165-68863BCCD9DD}") = "UnifiedAgentMSI", "UnifiedAgentMSI\UnifiedAgentMSI.wixproj", "{7E688815-77AA-42B6-85F9-9839991A25E8}"
EndProject
Project("{FAE04EC0-301F-11D3-BF4B-00C04F79EFBC}") = "UnifiedAgentCustomActions", "UnifiedAgentCustomActions\UnifiedAgentCustomActions.csproj", "{53576672-B8AC-4B9C-918C-DD5C467B64B8}"
EndProject
Project("{FAE04EC0-301F-11D3-BF4B-00C04F79EFBC}") = "PackagerUnifiedAgent", "PackagerUnifiedAgent\PackagerUnifiedAgent.csproj", "{D0174ACF-223E-4DA0-AC36-C8D675602916}"
	ProjectSection(ProjectDependencies) = postProject
		{A5AB0C23-972E-42B0-BE10-D552E9F60566} = {A5AB0C23-972E-42B0-BE10-D552E9F60566}
	EndProjectSection
EndProject
Project("{FAE04EC0-301F-11D3-BF4B-00C04F79EFBC}") = "WrapperUnifiedAgent", "WrapperUnifiedAgent\WrapperUnifiedAgent.csproj", "{82B1B0E8-2880-4BA3-BE8E-03E0981C4661}"
	ProjectSection(ProjectDependencies) = postProject
		{B674442D-4689-4758-8460-D87C8727B8FF} = {B674442D-4689-4758-8460-D87C8727B8FF}
		{AE6A399D-EC84-455F-8F11-FF7141E8BFE9} = {AE6A399D-EC84-455F-8F11-FF7141E8BFE9}
	EndProjectSection
EndProject
Project("{FAE04EC0-301F-11D3-BF4B-00C04F79EFBC}") = "UnifiedAgentInstaller", "UnifiedAgentInstaller\UnifiedAgentInstaller.csproj", "{85856A0D-8E4F-46BF-918F-85EB02B9C042}"
	ProjectSection(ProjectDependencies) = postProject
		{13C5B102-7397-4AD3-AC61-79F8EF957FF8} = {13C5B102-7397-4AD3-AC61-79F8EF957FF8}
		{B674442D-4689-4758-8460-D87C8727B8FF} = {B674442D-4689-4758-8460-D87C8727B8FF}
		{BD8DCC47-D52B-425E-A258-303D77E51D0E} = {BD8DCC47-D52B-425E-A258-303D77E51D0E}
		{AE6A399D-EC84-455F-8F11-FF7141E8BFE9} = {AE6A399D-EC84-455F-8F11-FF7141E8BFE9}
		{78C583A2-9F15-4EEA-8376-E1A02769CD21} = {78C583A2-9F15-4EEA-8376-E1A02769CD21}
		{2B9D9CBB-998B-4D0C-BA3F-401B27D088EB} = {2B9D9CBB-998B-4D0C-BA3F-401B27D088EB}
		{82B1B0E8-2880-4BA3-BE8E-03E0981C4661} = {82B1B0E8-2880-4BA3-BE8E-03E0981C4661}
	EndProjectSection
EndProject
Project("{FAE04EC0-301F-11D3-BF4B-00C04F79EFBC}") = "UnifiedAgentConfigurator", "UnifiedAgentConfigurator\UnifiedAgentConfigurator.csproj", "{2B9D9CBB-998B-4D0C-BA3F-401B27D088EB}"
	ProjectSection(ProjectDependencies) = postProject
		{B674442D-4689-4758-8460-D87C8727B8FF} = {B674442D-4689-4758-8460-D87C8727B8FF}
		{AE6A399D-EC84-455F-8F11-FF7141E8BFE9} = {AE6A399D-EC84-455F-8F11-FF7141E8BFE9}
	EndProjectSection
EndProject
Project("{FAE04EC0-301F-11D3-BF4B-00C04F79EFBC}") = "GeneratePropertySheetUA", "PackagerUnifiedAgent\GeneratePropertySheetUA\GeneratePropertySheetUA.csproj", "{A5AB0C23-972E-42B0-BE10-D552E9F60566}"
EndProject
Project("{FAE04EC0-301F-11D3-BF4B-00C04F79EFBC}") = "RemoveUnifiedSetupConfiguration", "RemoveUnifiedSetupConfiguration\RemoveUnifiedSetupConfiguration.csproj", "{BC91066C-7CAA-46A5-9D50-BEC3C37D7AEC}"
EndProject
Project("{FAE04EC0-301F-11D3-BF4B-00C04F79EFBC}") = "LogUploadService", "LogUploadService\LogUploadService.csproj", "{4E0657A2-B72E-4AF0-B92D-3E805E74E67F}"
EndProject
Project("{FAE04EC0-301F-11D3-BF4B-00C04F79EFBC}") = "SystemRequirementValidator", "SystemRequirementValidator\SystemRequirementValidator.csproj", "{78C583A2-9F15-4EEA-8376-E1A02769CD21}"
EndProject
Project("{FAE04EC0-301F-11D3-BF4B-00C04F79EFBC}") = "MobilityServiceValidator", "MobilityServiceValidator\MobilityServiceValidator.csproj", "{13C5B102-7397-4AD3-AC61-79F8EF957FF8}"
EndProject
Project("{FAE04EC0-301F-11D3-BF4B-00C04F79EFBC}") = "StorageLibrary", "StorageLibrary\StorageLibrary.csproj", "{28089528-9D5F-48A8-A345-DE6798135F86}"
EndProject
Project("{FAE04EC0-301F-11D3-BF4B-00C04F79EFBC}") = "UnifiedAgentUpgrader", "UnifiedAgentUpgrader\UnifiedAgentUpgrader.csproj", "{BD8DCC47-D52B-425E-A258-303D77E51D0E}"
EndProject
Project("{FAE04EC0-301F-11D3-BF4B-00C04F79EFBC}") = "DMSUploader", "DMSUploader\DMSUploader.csproj", "{1FF0A213-3212-4D62-A6DD-DB0408222D27}"
EndProject
Global
	GlobalSection(SolutionConfigurationPlatforms) = preSolution
		Debug|Any CPU = Debug|Any CPU
		Debug|Mixed Platforms = Debug|Mixed Platforms
		Debug|Win32 = Debug|Win32
		Debug|x64 = Debug|x64
		Debug|x86 = Debug|x86
		Release|Any CPU = Release|Any CPU
		Release|Mixed Platforms = Release|Mixed Platforms
		Release|Win32 = Release|Win32
		Release|x64 = Release|x64
		Release|x86 = Release|x86
	EndGlobalSection
	GlobalSection(ProjectConfigurationPlatforms) = postSolution
		{A72571AB-F6C5-4D13-9FBC-1396354066D7}.Debug|Any CPU.ActiveCfg = Debug|Any CPU
		{A72571AB-F6C5-4D13-9FBC-1396354066D7}.Debug|Any CPU.Build.0 = Debug|Any CPU
		{A72571AB-F6C5-4D13-9FBC-1396354066D7}.Debug|Mixed Platforms.ActiveCfg = Debug|Any CPU
		{A72571AB-F6C5-4D13-9FBC-1396354066D7}.Debug|Mixed Platforms.Build.0 = Debug|Any CPU
		{A72571AB-F6C5-4D13-9FBC-1396354066D7}.Debug|Win32.ActiveCfg = Debug|Any CPU
		{A72571AB-F6C5-4D13-9FBC-1396354066D7}.Debug|Win32.Build.0 = Debug|Any CPU
		{A72571AB-F6C5-4D13-9FBC-1396354066D7}.Debug|x64.ActiveCfg = Debug|Any CPU
		{A72571AB-F6C5-4D13-9FBC-1396354066D7}.Debug|x86.ActiveCfg = Debug|Any CPU
		{A72571AB-F6C5-4D13-9FBC-1396354066D7}.Release|Any CPU.ActiveCfg = Release|x64
		{A72571AB-F6C5-4D13-9FBC-1396354066D7}.Release|Any CPU.Build.0 = Release|x64
		{A72571AB-F6C5-4D13-9FBC-1396354066D7}.Release|Mixed Platforms.ActiveCfg = Release|x64
		{A72571AB-F6C5-4D13-9FBC-1396354066D7}.Release|Mixed Platforms.Build.0 = Release|x64
		{A72571AB-F6C5-4D13-9FBC-1396354066D7}.Release|Win32.ActiveCfg = Release|x64
		{A72571AB-F6C5-4D13-9FBC-1396354066D7}.Release|Win32.Build.0 = Release|x64
		{A72571AB-F6C5-4D13-9FBC-1396354066D7}.Release|x64.ActiveCfg = Release|x64
		{A72571AB-F6C5-4D13-9FBC-1396354066D7}.Release|x86.ActiveCfg = Release|x64
		{AE6A399D-EC84-455F-8F11-FF7141E8BFE9}.Debug|Any CPU.ActiveCfg = Debug|Any CPU
		{AE6A399D-EC84-455F-8F11-FF7141E8BFE9}.Debug|Any CPU.Build.0 = Debug|Any CPU
		{AE6A399D-EC84-455F-8F11-FF7141E8BFE9}.Debug|Mixed Platforms.ActiveCfg = Debug|Any CPU
		{AE6A399D-EC84-455F-8F11-FF7141E8BFE9}.Debug|Mixed Platforms.Build.0 = Debug|Any CPU
		{AE6A399D-EC84-455F-8F11-FF7141E8BFE9}.Debug|Win32.ActiveCfg = Debug|Any CPU
		{AE6A399D-EC84-455F-8F11-FF7141E8BFE9}.Debug|Win32.Build.0 = Debug|Any CPU
		{AE6A399D-EC84-455F-8F11-FF7141E8BFE9}.Debug|x64.ActiveCfg = Debug|Any CPU
		{AE6A399D-EC84-455F-8F11-FF7141E8BFE9}.Debug|x86.ActiveCfg = Debug|Any CPU
		{AE6A399D-EC84-455F-8F11-FF7141E8BFE9}.Release|Any CPU.ActiveCfg = Release|Any CPU
		{AE6A399D-EC84-455F-8F11-FF7141E8BFE9}.Release|Any CPU.Build.0 = Release|Any CPU
		{AE6A399D-EC84-455F-8F11-FF7141E8BFE9}.Release|Mixed Platforms.ActiveCfg = Release|Any CPU
		{AE6A399D-EC84-455F-8F11-FF7141E8BFE9}.Release|Mixed Platforms.Build.0 = Release|Any CPU
		{AE6A399D-EC84-455F-8F11-FF7141E8BFE9}.Release|Win32.ActiveCfg = Release|Any CPU
		{AE6A399D-EC84-455F-8F11-FF7141E8BFE9}.Release|Win32.Build.0 = Release|Any CPU
		{AE6A399D-EC84-455F-8F11-FF7141E8BFE9}.Release|x64.ActiveCfg = Release|Any CPU
		{AE6A399D-EC84-455F-8F11-FF7141E8BFE9}.Release|x86.ActiveCfg = Release|Any CPU
		{B674442D-4689-4758-8460-D87C8727B8FF}.Debug|Any CPU.ActiveCfg = Debug|Any CPU
		{B674442D-4689-4758-8460-D87C8727B8FF}.Debug|Any CPU.Build.0 = Debug|Any CPU
		{B674442D-4689-4758-8460-D87C8727B8FF}.Debug|Mixed Platforms.ActiveCfg = Debug|Any CPU
		{B674442D-4689-4758-8460-D87C8727B8FF}.Debug|Mixed Platforms.Build.0 = Debug|Any CPU
		{B674442D-4689-4758-8460-D87C8727B8FF}.Debug|Win32.ActiveCfg = Debug|Any CPU
		{B674442D-4689-4758-8460-D87C8727B8FF}.Debug|Win32.Build.0 = Debug|Any CPU
		{B674442D-4689-4758-8460-D87C8727B8FF}.Debug|x64.ActiveCfg = Debug|Any CPU
		{B674442D-4689-4758-8460-D87C8727B8FF}.Debug|x86.ActiveCfg = Debug|Any CPU
		{B674442D-4689-4758-8460-D87C8727B8FF}.Release|Any CPU.ActiveCfg = Release|Any CPU
		{B674442D-4689-4758-8460-D87C8727B8FF}.Release|Any CPU.Build.0 = Release|Any CPU
		{B674442D-4689-4758-8460-D87C8727B8FF}.Release|Mixed Platforms.ActiveCfg = Release|Any CPU
		{B674442D-4689-4758-8460-D87C8727B8FF}.Release|Mixed Platforms.Build.0 = Release|Any CPU
		{B674442D-4689-4758-8460-D87C8727B8FF}.Release|Win32.ActiveCfg = Release|Any CPU
		{B674442D-4689-4758-8460-D87C8727B8FF}.Release|Win32.Build.0 = Release|Any CPU
		{B674442D-4689-4758-8460-D87C8727B8FF}.Release|x64.ActiveCfg = Release|Any CPU
		{B674442D-4689-4758-8460-D87C8727B8FF}.Release|x86.ActiveCfg = Release|Any CPU
		{8F938B82-8310-4FDA-ADA3-4E0896DA1465}.Debug|Any CPU.ActiveCfg = Debug|Any CPU
		{8F938B82-8310-4FDA-ADA3-4E0896DA1465}.Debug|Any CPU.Build.0 = Debug|Any CPU
		{8F938B82-8310-4FDA-ADA3-4E0896DA1465}.Debug|Mixed Platforms.ActiveCfg = Debug|Any CPU
		{8F938B82-8310-4FDA-ADA3-4E0896DA1465}.Debug|Mixed Platforms.Build.0 = Debug|Any CPU
		{8F938B82-8310-4FDA-ADA3-4E0896DA1465}.Debug|Win32.ActiveCfg = Debug|Any CPU
		{8F938B82-8310-4FDA-ADA3-4E0896DA1465}.Debug|Win32.Build.0 = Debug|Any CPU
		{8F938B82-8310-4FDA-ADA3-4E0896DA1465}.Debug|x64.ActiveCfg = Debug|Any CPU
		{8F938B82-8310-4FDA-ADA3-4E0896DA1465}.Debug|x86.ActiveCfg = Debug|Any CPU
		{8F938B82-8310-4FDA-ADA3-4E0896DA1465}.Release|Any CPU.ActiveCfg = Release|Any CPU
		{8F938B82-8310-4FDA-ADA3-4E0896DA1465}.Release|Any CPU.Build.0 = Release|Any CPU
		{8F938B82-8310-4FDA-ADA3-4E0896DA1465}.Release|Mixed Platforms.ActiveCfg = Release|Any CPU
		{8F938B82-8310-4FDA-ADA3-4E0896DA1465}.Release|Mixed Platforms.Build.0 = Release|Any CPU
		{8F938B82-8310-4FDA-ADA3-4E0896DA1465}.Release|Win32.ActiveCfg = Release|Any CPU
		{8F938B82-8310-4FDA-ADA3-4E0896DA1465}.Release|Win32.Build.0 = Release|Any CPU
		{8F938B82-8310-4FDA-ADA3-4E0896DA1465}.Release|x64.ActiveCfg = Release|Any CPU
		{8F938B82-8310-4FDA-ADA3-4E0896DA1465}.Release|x86.ActiveCfg = Release|Any CPU
		{FEB07364-663B-4DEB-A70B-B36E8733D829}.Debug|Any CPU.ActiveCfg = Debug|Any CPU
		{FEB07364-663B-4DEB-A70B-B36E8733D829}.Debug|Any CPU.Build.0 = Debug|Any CPU
		{FEB07364-663B-4DEB-A70B-B36E8733D829}.Debug|Mixed Platforms.ActiveCfg = Debug|Any CPU
		{FEB07364-663B-4DEB-A70B-B36E8733D829}.Debug|Mixed Platforms.Build.0 = Debug|Any CPU
		{FEB07364-663B-4DEB-A70B-B36E8733D829}.Debug|Win32.ActiveCfg = Debug|Any CPU
		{FEB07364-663B-4DEB-A70B-B36E8733D829}.Debug|Win32.Build.0 = Debug|Any CPU
		{FEB07364-663B-4DEB-A70B-B36E8733D829}.Debug|x64.ActiveCfg = Debug|Any CPU
		{FEB07364-663B-4DEB-A70B-B36E8733D829}.Debug|x86.ActiveCfg = Debug|Any CPU
		{FEB07364-663B-4DEB-A70B-B36E8733D829}.Release|Any CPU.ActiveCfg = Release|Any CPU
		{FEB07364-663B-4DEB-A70B-B36E8733D829}.Release|Any CPU.Build.0 = Release|Any CPU
		{FEB07364-663B-4DEB-A70B-B36E8733D829}.Release|Mixed Platforms.ActiveCfg = Release|Any CPU
		{FEB07364-663B-4DEB-A70B-B36E8733D829}.Release|Mixed Platforms.Build.0 = Release|Any CPU
		{FEB07364-663B-4DEB-A70B-B36E8733D829}.Release|Win32.ActiveCfg = Release|Any CPU
		{FEB07364-663B-4DEB-A70B-B36E8733D829}.Release|Win32.Build.0 = Release|Any CPU
		{FEB07364-663B-4DEB-A70B-B36E8733D829}.Release|x64.ActiveCfg = Release|Any CPU
		{FEB07364-663B-4DEB-A70B-B36E8733D829}.Release|x86.ActiveCfg = Release|Any CPU
		{7E688815-77AA-42B6-85F9-9839991A25E8}.Debug|Any CPU.ActiveCfg = Debug|x86
		{7E688815-77AA-42B6-85F9-9839991A25E8}.Debug|Any CPU.Build.0 = Debug|x86
		{7E688815-77AA-42B6-85F9-9839991A25E8}.Debug|Mixed Platforms.ActiveCfg = Debug|x86
		{7E688815-77AA-42B6-85F9-9839991A25E8}.Debug|Mixed Platforms.Build.0 = Debug|x86
		{7E688815-77AA-42B6-85F9-9839991A25E8}.Debug|Win32.ActiveCfg = Debug|x86
		{7E688815-77AA-42B6-85F9-9839991A25E8}.Debug|Win32.Build.0 = Debug|x86
		{7E688815-77AA-42B6-85F9-9839991A25E8}.Debug|x64.ActiveCfg = Debug|x86
		{7E688815-77AA-42B6-85F9-9839991A25E8}.Debug|x86.ActiveCfg = Debug|x86
		{7E688815-77AA-42B6-85F9-9839991A25E8}.Debug|x86.Build.0 = Debug|x86
		{7E688815-77AA-42B6-85F9-9839991A25E8}.Release|Any CPU.ActiveCfg = Release|x86
		{7E688815-77AA-42B6-85F9-9839991A25E8}.Release|Any CPU.Build.0 = Release|x86
		{7E688815-77AA-42B6-85F9-9839991A25E8}.Release|Mixed Platforms.ActiveCfg = Release|x86
		{7E688815-77AA-42B6-85F9-9839991A25E8}.Release|Mixed Platforms.Build.0 = Release|x86
		{7E688815-77AA-42B6-85F9-9839991A25E8}.Release|Win32.ActiveCfg = Release|x86
		{7E688815-77AA-42B6-85F9-9839991A25E8}.Release|Win32.Build.0 = Release|x86
		{7E688815-77AA-42B6-85F9-9839991A25E8}.Release|x64.ActiveCfg = Release|x64
		{7E688815-77AA-42B6-85F9-9839991A25E8}.Release|x64.Build.0 = Release|x64
		{7E688815-77AA-42B6-85F9-9839991A25E8}.Release|x86.ActiveCfg = Release|x86
		{7E688815-77AA-42B6-85F9-9839991A25E8}.Release|x86.Build.0 = Release|x86
		{53576672-B8AC-4B9C-918C-DD5C467B64B8}.Debug|Any CPU.ActiveCfg = Debug|x86
		{53576672-B8AC-4B9C-918C-DD5C467B64B8}.Debug|Any CPU.Build.0 = Debug|x86
		{53576672-B8AC-4B9C-918C-DD5C467B64B8}.Debug|Mixed Platforms.ActiveCfg = Debug|x86
		{53576672-B8AC-4B9C-918C-DD5C467B64B8}.Debug|Mixed Platforms.Build.0 = Debug|x86
		{53576672-B8AC-4B9C-918C-DD5C467B64B8}.Debug|Win32.ActiveCfg = Debug|x86
		{53576672-B8AC-4B9C-918C-DD5C467B64B8}.Debug|Win32.Build.0 = Debug|x86
		{53576672-B8AC-4B9C-918C-DD5C467B64B8}.Debug|x64.ActiveCfg = Debug|x86
		{53576672-B8AC-4B9C-918C-DD5C467B64B8}.Debug|x86.ActiveCfg = Debug|x86
		{53576672-B8AC-4B9C-918C-DD5C467B64B8}.Debug|x86.Build.0 = Debug|x86
		{53576672-B8AC-4B9C-918C-DD5C467B64B8}.Release|Any CPU.ActiveCfg = Release|x86
		{53576672-B8AC-4B9C-918C-DD5C467B64B8}.Release|Any CPU.Build.0 = Release|x86
		{53576672-B8AC-4B9C-918C-DD5C467B64B8}.Release|Mixed Platforms.ActiveCfg = Release|x86
		{53576672-B8AC-4B9C-918C-DD5C467B64B8}.Release|Mixed Platforms.Build.0 = Release|x86
		{53576672-B8AC-4B9C-918C-DD5C467B64B8}.Release|Win32.ActiveCfg = Release|x86
		{53576672-B8AC-4B9C-918C-DD5C467B64B8}.Release|Win32.Build.0 = Release|x86
		{53576672-B8AC-4B9C-918C-DD5C467B64B8}.Release|x64.ActiveCfg = Release|x86
		{53576672-B8AC-4B9C-918C-DD5C467B64B8}.Release|x86.ActiveCfg = Release|x86
		{53576672-B8AC-4B9C-918C-DD5C467B64B8}.Release|x86.Build.0 = Release|x86
		{D0174ACF-223E-4DA0-AC36-C8D675602916}.Debug|Any CPU.ActiveCfg = Debug|Any CPU
		{D0174ACF-223E-4DA0-AC36-C8D675602916}.Debug|Any CPU.Build.0 = Debug|Any CPU
		{D0174ACF-223E-4DA0-AC36-C8D675602916}.Debug|Mixed Platforms.ActiveCfg = Debug|Any CPU
		{D0174ACF-223E-4DA0-AC36-C8D675602916}.Debug|Mixed Platforms.Build.0 = Debug|Any CPU
		{D0174ACF-223E-4DA0-AC36-C8D675602916}.Debug|Win32.ActiveCfg = Debug|Any CPU
		{D0174ACF-223E-4DA0-AC36-C8D675602916}.Debug|Win32.Build.0 = Debug|Any CPU
		{D0174ACF-223E-4DA0-AC36-C8D675602916}.Debug|x64.ActiveCfg = Debug|Any CPU
		{D0174ACF-223E-4DA0-AC36-C8D675602916}.Debug|x86.ActiveCfg = Debug|Any CPU
		{D0174ACF-223E-4DA0-AC36-C8D675602916}.Release|Any CPU.ActiveCfg = Release|Any CPU
		{D0174ACF-223E-4DA0-AC36-C8D675602916}.Release|Any CPU.Build.0 = Release|Any CPU
		{D0174ACF-223E-4DA0-AC36-C8D675602916}.Release|Mixed Platforms.ActiveCfg = Release|Any CPU
		{D0174ACF-223E-4DA0-AC36-C8D675602916}.Release|Mixed Platforms.Build.0 = Release|Any CPU
		{D0174ACF-223E-4DA0-AC36-C8D675602916}.Release|Win32.ActiveCfg = Release|Any CPU
		{D0174ACF-223E-4DA0-AC36-C8D675602916}.Release|Win32.Build.0 = Release|Any CPU
		{D0174ACF-223E-4DA0-AC36-C8D675602916}.Release|x64.ActiveCfg = Release|Any CPU
		{D0174ACF-223E-4DA0-AC36-C8D675602916}.Release|x86.ActiveCfg = Release|Any CPU
		{82B1B0E8-2880-4BA3-BE8E-03E0981C4661}.Debug|Any CPU.ActiveCfg = Debug|Any CPU
		{82B1B0E8-2880-4BA3-BE8E-03E0981C4661}.Debug|Any CPU.Build.0 = Debug|Any CPU
		{82B1B0E8-2880-4BA3-BE8E-03E0981C4661}.Debug|Mixed Platforms.ActiveCfg = Debug|x86
		{82B1B0E8-2880-4BA3-BE8E-03E0981C4661}.Debug|Mixed Platforms.Build.0 = Debug|x86
		{82B1B0E8-2880-4BA3-BE8E-03E0981C4661}.Debug|Win32.ActiveCfg = Debug|x86
		{82B1B0E8-2880-4BA3-BE8E-03E0981C4661}.Debug|Win32.Build.0 = Debug|x86
		{82B1B0E8-2880-4BA3-BE8E-03E0981C4661}.Debug|x64.ActiveCfg = Debug|Any CPU
		{82B1B0E8-2880-4BA3-BE8E-03E0981C4661}.Debug|x86.ActiveCfg = Debug|x86
		{82B1B0E8-2880-4BA3-BE8E-03E0981C4661}.Debug|x86.Build.0 = Debug|x86
		{82B1B0E8-2880-4BA3-BE8E-03E0981C4661}.Release|Any CPU.ActiveCfg = Release|Any CPU
		{82B1B0E8-2880-4BA3-BE8E-03E0981C4661}.Release|Any CPU.Build.0 = Release|Any CPU
		{82B1B0E8-2880-4BA3-BE8E-03E0981C4661}.Release|Mixed Platforms.ActiveCfg = Release|x86
		{82B1B0E8-2880-4BA3-BE8E-03E0981C4661}.Release|Mixed Platforms.Build.0 = Release|x86
		{82B1B0E8-2880-4BA3-BE8E-03E0981C4661}.Release|Win32.ActiveCfg = Release|x86
		{82B1B0E8-2880-4BA3-BE8E-03E0981C4661}.Release|Win32.Build.0 = Release|x86
		{82B1B0E8-2880-4BA3-BE8E-03E0981C4661}.Release|x64.ActiveCfg = Release|Any CPU
		{82B1B0E8-2880-4BA3-BE8E-03E0981C4661}.Release|x86.ActiveCfg = Release|x86
		{82B1B0E8-2880-4BA3-BE8E-03E0981C4661}.Release|x86.Build.0 = Release|x86
		{85856A0D-8E4F-46BF-918F-85EB02B9C042}.Debug|Any CPU.ActiveCfg = Debug|Any CPU
		{85856A0D-8E4F-46BF-918F-85EB02B9C042}.Debug|Any CPU.Build.0 = Debug|Any CPU
		{85856A0D-8E4F-46BF-918F-85EB02B9C042}.Debug|Mixed Platforms.ActiveCfg = Debug|Any CPU
		{85856A0D-8E4F-46BF-918F-85EB02B9C042}.Debug|Mixed Platforms.Build.0 = Debug|Any CPU
		{85856A0D-8E4F-46BF-918F-85EB02B9C042}.Debug|Win32.ActiveCfg = Debug|Any CPU
		{85856A0D-8E4F-46BF-918F-85EB02B9C042}.Debug|x64.ActiveCfg = Debug|Any CPU
		{85856A0D-8E4F-46BF-918F-85EB02B9C042}.Debug|x86.ActiveCfg = Debug|Any CPU
		{85856A0D-8E4F-46BF-918F-85EB02B9C042}.Release|Any CPU.ActiveCfg = Release|Any CPU
		{85856A0D-8E4F-46BF-918F-85EB02B9C042}.Release|Any CPU.Build.0 = Release|Any CPU
		{85856A0D-8E4F-46BF-918F-85EB02B9C042}.Release|Mixed Platforms.ActiveCfg = Release|Any CPU
		{85856A0D-8E4F-46BF-918F-85EB02B9C042}.Release|Mixed Platforms.Build.0 = Release|Any CPU
		{85856A0D-8E4F-46BF-918F-85EB02B9C042}.Release|Win32.ActiveCfg = Release|Any CPU
		{85856A0D-8E4F-46BF-918F-85EB02B9C042}.Release|Win32.Build.0 = Release|Any CPU
		{85856A0D-8E4F-46BF-918F-85EB02B9C042}.Release|x64.ActiveCfg = Release|Any CPU
		{85856A0D-8E4F-46BF-918F-85EB02B9C042}.Release|x86.ActiveCfg = Release|Any CPU
		{2B9D9CBB-998B-4D0C-BA3F-401B27D088EB}.Debug|Any CPU.ActiveCfg = Debug|Any CPU
		{2B9D9CBB-998B-4D0C-BA3F-401B27D088EB}.Debug|Any CPU.Build.0 = Debug|Any CPU
		{2B9D9CBB-998B-4D0C-BA3F-401B27D088EB}.Debug|Mixed Platforms.ActiveCfg = Debug|Any CPU
		{2B9D9CBB-998B-4D0C-BA3F-401B27D088EB}.Debug|Mixed Platforms.Build.0 = Debug|Any CPU
		{2B9D9CBB-998B-4D0C-BA3F-401B27D088EB}.Debug|Win32.ActiveCfg = Debug|Any CPU
		{2B9D9CBB-998B-4D0C-BA3F-401B27D088EB}.Debug|x64.ActiveCfg = Debug|Any CPU
		{2B9D9CBB-998B-4D0C-BA3F-401B27D088EB}.Debug|x86.ActiveCfg = Debug|Any CPU
		{2B9D9CBB-998B-4D0C-BA3F-401B27D088EB}.Release|Any CPU.ActiveCfg = Release|Any CPU
		{2B9D9CBB-998B-4D0C-BA3F-401B27D088EB}.Release|Any CPU.Build.0 = Release|Any CPU
		{2B9D9CBB-998B-4D0C-BA3F-401B27D088EB}.Release|Mixed Platforms.ActiveCfg = Release|Any CPU
		{2B9D9CBB-998B-4D0C-BA3F-401B27D088EB}.Release|Mixed Platforms.Build.0 = Release|Any CPU
		{2B9D9CBB-998B-4D0C-BA3F-401B27D088EB}.Release|Win32.ActiveCfg = Release|Any CPU
		{2B9D9CBB-998B-4D0C-BA3F-401B27D088EB}.Release|Win32.Build.0 = Release|Any CPU
		{2B9D9CBB-998B-4D0C-BA3F-401B27D088EB}.Release|x64.ActiveCfg = Release|Any CPU
		{2B9D9CBB-998B-4D0C-BA3F-401B27D088EB}.Release|x86.ActiveCfg = Release|Any CPU
		{A5AB0C23-972E-42B0-BE10-D552E9F60566}.Debug|Any CPU.ActiveCfg = Debug|Any CPU
		{A5AB0C23-972E-42B0-BE10-D552E9F60566}.Debug|Any CPU.Build.0 = Debug|Any CPU
		{A5AB0C23-972E-42B0-BE10-D552E9F60566}.Debug|Mixed Platforms.ActiveCfg = Debug|Any CPU
		{A5AB0C23-972E-42B0-BE10-D552E9F60566}.Debug|Mixed Platforms.Build.0 = Debug|Any CPU
		{A5AB0C23-972E-42B0-BE10-D552E9F60566}.Debug|Win32.ActiveCfg = Debug|Any CPU
		{A5AB0C23-972E-42B0-BE10-D552E9F60566}.Debug|x64.ActiveCfg = Debug|Any CPU
		{A5AB0C23-972E-42B0-BE10-D552E9F60566}.Debug|x86.ActiveCfg = Debug|Any CPU
		{A5AB0C23-972E-42B0-BE10-D552E9F60566}.Release|Any CPU.ActiveCfg = Release|Any CPU
		{A5AB0C23-972E-42B0-BE10-D552E9F60566}.Release|Any CPU.Build.0 = Release|Any CPU
		{A5AB0C23-972E-42B0-BE10-D552E9F60566}.Release|Mixed Platforms.ActiveCfg = Release|Any CPU
		{A5AB0C23-972E-42B0-BE10-D552E9F60566}.Release|Mixed Platforms.Build.0 = Release|Any CPU
		{A5AB0C23-972E-42B0-BE10-D552E9F60566}.Release|Win32.ActiveCfg = Release|Any CPU
		{A5AB0C23-972E-42B0-BE10-D552E9F60566}.Release|Win32.Build.0 = Release|Any CPU
		{A5AB0C23-972E-42B0-BE10-D552E9F60566}.Release|x64.ActiveCfg = Release|Any CPU
		{A5AB0C23-972E-42B0-BE10-D552E9F60566}.Release|x86.ActiveCfg = Release|Any CPU
		{BC91066C-7CAA-46A5-9D50-BEC3C37D7AEC}.Debug|Any CPU.ActiveCfg = Debug|Any CPU
		{BC91066C-7CAA-46A5-9D50-BEC3C37D7AEC}.Debug|Any CPU.Build.0 = Debug|Any CPU
		{BC91066C-7CAA-46A5-9D50-BEC3C37D7AEC}.Debug|Mixed Platforms.ActiveCfg = Debug|Any CPU
		{BC91066C-7CAA-46A5-9D50-BEC3C37D7AEC}.Debug|Mixed Platforms.Build.0 = Debug|Any CPU
		{BC91066C-7CAA-46A5-9D50-BEC3C37D7AEC}.Debug|Win32.ActiveCfg = Debug|Any CPU
		{BC91066C-7CAA-46A5-9D50-BEC3C37D7AEC}.Debug|x64.ActiveCfg = Debug|Any CPU
		{BC91066C-7CAA-46A5-9D50-BEC3C37D7AEC}.Debug|x86.ActiveCfg = Debug|Any CPU
		{BC91066C-7CAA-46A5-9D50-BEC3C37D7AEC}.Release|Any CPU.ActiveCfg = Release|x64
		{BC91066C-7CAA-46A5-9D50-BEC3C37D7AEC}.Release|Any CPU.Build.0 = Release|x64
		{BC91066C-7CAA-46A5-9D50-BEC3C37D7AEC}.Release|Mixed Platforms.ActiveCfg = Release|x64
		{BC91066C-7CAA-46A5-9D50-BEC3C37D7AEC}.Release|Mixed Platforms.Build.0 = Release|x64
		{BC91066C-7CAA-46A5-9D50-BEC3C37D7AEC}.Release|Win32.ActiveCfg = Release|x64
		{BC91066C-7CAA-46A5-9D50-BEC3C37D7AEC}.Release|Win32.Build.0 = Release|x64
		{BC91066C-7CAA-46A5-9D50-BEC3C37D7AEC}.Release|x64.ActiveCfg = Release|x64
		{BC91066C-7CAA-46A5-9D50-BEC3C37D7AEC}.Release|x86.ActiveCfg = Release|x64
		{4E0657A2-B72E-4AF0-B92D-3E805E74E67F}.Debug|Any CPU.ActiveCfg = Debug|Any CPU
		{4E0657A2-B72E-4AF0-B92D-3E805E74E67F}.Debug|Any CPU.Build.0 = Debug|Any CPU
		{4E0657A2-B72E-4AF0-B92D-3E805E74E67F}.Debug|Mixed Platforms.ActiveCfg = Debug|Any CPU
		{4E0657A2-B72E-4AF0-B92D-3E805E74E67F}.Debug|Mixed Platforms.Build.0 = Debug|Any CPU
		{4E0657A2-B72E-4AF0-B92D-3E805E74E67F}.Debug|Win32.ActiveCfg = Debug|Any CPU
		{4E0657A2-B72E-4AF0-B92D-3E805E74E67F}.Debug|x64.ActiveCfg = Debug|Any CPU
		{4E0657A2-B72E-4AF0-B92D-3E805E74E67F}.Debug|x86.ActiveCfg = Debug|Any CPU
		{4E0657A2-B72E-4AF0-B92D-3E805E74E67F}.Release|Any CPU.ActiveCfg = Release|x64
		{4E0657A2-B72E-4AF0-B92D-3E805E74E67F}.Release|Any CPU.Build.0 = Release|x64
		{4E0657A2-B72E-4AF0-B92D-3E805E74E67F}.Release|Mixed Platforms.ActiveCfg = Release|x64
		{4E0657A2-B72E-4AF0-B92D-3E805E74E67F}.Release|Mixed Platforms.Build.0 = Release|x64
		{4E0657A2-B72E-4AF0-B92D-3E805E74E67F}.Release|Win32.ActiveCfg = Release|x64
		{4E0657A2-B72E-4AF0-B92D-3E805E74E67F}.Release|Win32.Build.0 = Release|x64
		{4E0657A2-B72E-4AF0-B92D-3E805E74E67F}.Release|x64.ActiveCfg = Release|x64
		{4E0657A2-B72E-4AF0-B92D-3E805E74E67F}.Release|x86.ActiveCfg = Release|x64
		{78C583A2-9F15-4EEA-8376-E1A02769CD21}.Debug|Any CPU.ActiveCfg = Debug|Any CPU
		{78C583A2-9F15-4EEA-8376-E1A02769CD21}.Debug|Any CPU.Build.0 = Debug|Any CPU
		{78C583A2-9F15-4EEA-8376-E1A02769CD21}.Debug|Mixed Platforms.ActiveCfg = Debug|Any CPU
		{78C583A2-9F15-4EEA-8376-E1A02769CD21}.Debug|Mixed Platforms.Build.0 = Debug|Any CPU
		{78C583A2-9F15-4EEA-8376-E1A02769CD21}.Debug|Win32.ActiveCfg = Debug|Any CPU
		{78C583A2-9F15-4EEA-8376-E1A02769CD21}.Debug|x64.ActiveCfg = Debug|Any CPU
		{78C583A2-9F15-4EEA-8376-E1A02769CD21}.Debug|x86.ActiveCfg = Debug|Any CPU
		{78C583A2-9F15-4EEA-8376-E1A02769CD21}.Release|Any CPU.ActiveCfg = Release|Any CPU
		{78C583A2-9F15-4EEA-8376-E1A02769CD21}.Release|Any CPU.Build.0 = Release|Any CPU
		{78C583A2-9F15-4EEA-8376-E1A02769CD21}.Release|Mixed Platforms.ActiveCfg = Release|Any CPU
		{78C583A2-9F15-4EEA-8376-E1A02769CD21}.Release|Mixed Platforms.Build.0 = Release|Any CPU
		{78C583A2-9F15-4EEA-8376-E1A02769CD21}.Release|Win32.ActiveCfg = Release|Any CPU
		{78C583A2-9F15-4EEA-8376-E1A02769CD21}.Release|Win32.Build.0 = Release|Any CPU
		{78C583A2-9F15-4EEA-8376-E1A02769CD21}.Release|x64.ActiveCfg = Release|Any CPU
		{78C583A2-9F15-4EEA-8376-E1A02769CD21}.Release|x86.ActiveCfg = Release|Any CPU
		{13C5B102-7397-4AD3-AC61-79F8EF957FF8}.Debug|Any CPU.ActiveCfg = Debug|Any CPU
		{13C5B102-7397-4AD3-AC61-79F8EF957FF8}.Debug|Any CPU.Build.0 = Debug|Any CPU
		{13C5B102-7397-4AD3-AC61-79F8EF957FF8}.Debug|Mixed Platforms.ActiveCfg = Debug|Any CPU
		{13C5B102-7397-4AD3-AC61-79F8EF957FF8}.Debug|Mixed Platforms.Build.0 = Debug|Any CPU
		{13C5B102-7397-4AD3-AC61-79F8EF957FF8}.Debug|Win32.ActiveCfg = Debug|Any CPU
		{13C5B102-7397-4AD3-AC61-79F8EF957FF8}.Debug|x64.ActiveCfg = Debug|Any CPU
		{13C5B102-7397-4AD3-AC61-79F8EF957FF8}.Debug|x86.ActiveCfg = Debug|Any CPU
		{13C5B102-7397-4AD3-AC61-79F8EF957FF8}.Release|Any CPU.ActiveCfg = Release|Any CPU
		{13C5B102-7397-4AD3-AC61-79F8EF957FF8}.Release|Any CPU.Build.0 = Release|Any CPU
		{13C5B102-7397-4AD3-AC61-79F8EF957FF8}.Release|Mixed Platforms.ActiveCfg = Release|Any CPU
		{13C5B102-7397-4AD3-AC61-79F8EF957FF8}.Release|Mixed Platforms.Build.0 = Release|Any CPU
		{13C5B102-7397-4AD3-AC61-79F8EF957FF8}.Release|Win32.ActiveCfg = Release|Any CPU
		{13C5B102-7397-4AD3-AC61-79F8EF957FF8}.Release|Win32.Build.0 = Release|Any CPU
		{13C5B102-7397-4AD3-AC61-79F8EF957FF8}.Release|x64.ActiveCfg = Release|Any CPU
		{13C5B102-7397-4AD3-AC61-79F8EF957FF8}.Release|x86.ActiveCfg = Release|Any CPU
		{28089528-9D5F-48A8-A345-DE6798135F86}.Debug|Any CPU.ActiveCfg = Debug|Any CPU
		{28089528-9D5F-48A8-A345-DE6798135F86}.Debug|Any CPU.Build.0 = Debug|Any CPU
		{28089528-9D5F-48A8-A345-DE6798135F86}.Debug|Mixed Platforms.ActiveCfg = Debug|Any CPU
		{28089528-9D5F-48A8-A345-DE6798135F86}.Debug|Mixed Platforms.Build.0 = Debug|Any CPU
		{28089528-9D5F-48A8-A345-DE6798135F86}.Debug|Win32.ActiveCfg = Debug|Any CPU
		{28089528-9D5F-48A8-A345-DE6798135F86}.Debug|x64.ActiveCfg = Debug|Any CPU
		{28089528-9D5F-48A8-A345-DE6798135F86}.Debug|x86.ActiveCfg = Debug|Any CPU
		{28089528-9D5F-48A8-A345-DE6798135F86}.Release|Any CPU.ActiveCfg = Release|Any CPU
		{28089528-9D5F-48A8-A345-DE6798135F86}.Release|Any CPU.Build.0 = Release|Any CPU
		{28089528-9D5F-48A8-A345-DE6798135F86}.Release|Mixed Platforms.ActiveCfg = Release|Any CPU
		{28089528-9D5F-48A8-A345-DE6798135F86}.Release|Mixed Platforms.Build.0 = Release|Any CPU
		{28089528-9D5F-48A8-A345-DE6798135F86}.Release|Win32.ActiveCfg = Release|Any CPU
		{28089528-9D5F-48A8-A345-DE6798135F86}.Release|Win32.Build.0 = Release|Any CPU
		{28089528-9D5F-48A8-A345-DE6798135F86}.Release|x64.ActiveCfg = Release|Any CPU
		{28089528-9D5F-48A8-A345-DE6798135F86}.Release|x86.ActiveCfg = Release|Any CPU
		{BD8DCC47-D52B-425E-A258-303D77E51D0E}.Debug|Any CPU.ActiveCfg = Debug|Any CPU
		{BD8DCC47-D52B-425E-A258-303D77E51D0E}.Debug|Any CPU.Build.0 = Debug|Any CPU
		{BD8DCC47-D52B-425E-A258-303D77E51D0E}.Debug|Mixed Platforms.ActiveCfg = Debug|Any CPU
		{BD8DCC47-D52B-425E-A258-303D77E51D0E}.Debug|Mixed Platforms.Build.0 = Debug|Any CPU
		{BD8DCC47-D52B-425E-A258-303D77E51D0E}.Debug|Win32.ActiveCfg = Debug|Any CPU
		{BD8DCC47-D52B-425E-A258-303D77E51D0E}.Debug|Win32.Build.0 = Debug|Any CPU
		{BD8DCC47-D52B-425E-A258-303D77E51D0E}.Debug|x64.ActiveCfg = Debug|Any CPU
		{BD8DCC47-D52B-425E-A258-303D77E51D0E}.Debug|x64.Build.0 = Debug|Any CPU
		{BD8DCC47-D52B-425E-A258-303D77E51D0E}.Debug|x86.ActiveCfg = Debug|Any CPU
		{BD8DCC47-D52B-425E-A258-303D77E51D0E}.Debug|x86.Build.0 = Debug|Any CPU
		{BD8DCC47-D52B-425E-A258-303D77E51D0E}.Release|Any CPU.ActiveCfg = Release|Any CPU
		{BD8DCC47-D52B-425E-A258-303D77E51D0E}.Release|Any CPU.Build.0 = Release|Any CPU
		{BD8DCC47-D52B-425E-A258-303D77E51D0E}.Release|Mixed Platforms.ActiveCfg = Release|Any CPU
		{BD8DCC47-D52B-425E-A258-303D77E51D0E}.Release|Mixed Platforms.Build.0 = Release|Any CPU
		{BD8DCC47-D52B-425E-A258-303D77E51D0E}.Release|Win32.ActiveCfg = Release|Any CPU
		{BD8DCC47-D52B-425E-A258-303D77E51D0E}.Release|Win32.Build.0 = Release|Any CPU
		{BD8DCC47-D52B-425E-A258-303D77E51D0E}.Release|x64.ActiveCfg = Release|Any CPU
		{BD8DCC47-D52B-425E-A258-303D77E51D0E}.Release|x64.Build.0 = Release|Any CPU
		{BD8DCC47-D52B-425E-A258-303D77E51D0E}.Release|x86.ActiveCfg = Release|Any CPU
		{BD8DCC47-D52B-425E-A258-303D77E51D0E}.Release|x86.Build.0 = Release|Any CPU
		{1FF0A213-3212-4D62-A6DD-DB0408222D27}.Debug|Any CPU.ActiveCfg = Debug|Any CPU
		{1FF0A213-3212-4D62-A6DD-DB0408222D27}.Debug|Any CPU.Build.0 = Debug|Any CPU
		{1FF0A213-3212-4D62-A6DD-DB0408222D27}.Debug|Mixed Platforms.ActiveCfg = Debug|Any CPU
		{1FF0A213-3212-4D62-A6DD-DB0408222D27}.Debug|Mixed Platforms.Build.0 = Debug|Any CPU
		{1FF0A213-3212-4D62-A6DD-DB0408222D27}.Debug|Win32.ActiveCfg = Debug|Any CPU
		{1FF0A213-3212-4D62-A6DD-DB0408222D27}.Debug|Win32.Build.0 = Debug|Any CPU
		{1FF0A213-3212-4D62-A6DD-DB0408222D27}.Debug|x64.ActiveCfg = Debug|Any CPU
		{1FF0A213-3212-4D62-A6DD-DB0408222D27}.Debug|x64.Build.0 = Debug|Any CPU
		{1FF0A213-3212-4D62-A6DD-DB0408222D27}.Debug|x86.ActiveCfg = Debug|Any CPU
		{1FF0A213-3212-4D62-A6DD-DB0408222D27}.Debug|x86.Build.0 = Debug|Any CPU
		{1FF0A213-3212-4D62-A6DD-DB0408222D27}.Release|Any CPU.ActiveCfg = Release|Any CPU
		{1FF0A213-3212-4D62-A6DD-DB0408222D27}.Release|Any CPU.Build.0 = Release|Any CPU
		{1FF0A213-3212-4D62-A6DD-DB0408222D27}.Release|Mixed Platforms.ActiveCfg = Release|Any CPU
		{1FF0A213-3212-4D62-A6DD-DB0408222D27}.Release|Mixed Platforms.Build.0 = Release|Any CPU
		{1FF0A213-3212-4D62-A6DD-DB0408222D27}.Release|Win32.ActiveCfg = Release|Any CPU
		{1FF0A213-3212-4D62-A6DD-DB0408222D27}.Release|Win32.Build.0 = Release|Any CPU
		{1FF0A213-3212-4D62-A6DD-DB0408222D27}.Release|x64.ActiveCfg = Release|Any CPU
		{1FF0A213-3212-4D62-A6DD-DB0408222D27}.Release|x64.Build.0 = Release|Any CPU
		{1FF0A213-3212-4D62-A6DD-DB0408222D27}.Release|x86.ActiveCfg = Release|Any CPU
		{1FF0A213-3212-4D62-A6DD-DB0408222D27}.Release|x86.Build.0 = Release|Any CPU
	EndGlobalSection
	GlobalSection(SolutionProperties) = preSolution
		HideSolutionNode = FALSE
	EndGlobalSection
	GlobalSection(ExtensibilityGlobals) = postSolution
		SolutionGuid = {FEFCC0D4-2716-4447-8B23-65AE4A4F8EF5}
	EndGlobalSection
EndGlobal
