<?xml version="1.0" encoding="utf-8"?>
<Project ToolsVersion="4.0" xmlns="http://schemas.microsoft.com/developer/msbuild/2003">
  <ItemGroup>
    <Filter Include="Source Files">
      <UniqueIdentifier>{4FC737F1-C7A5-4376-A066-2A32D752A2FF}</UniqueIdentifier>
      <Extensions>cpp;c;cxx;def;odl;idl;hpj;bat;asm;asmx</Extensions>
    </Filter>
    <Filter Include="Header Files">
      <UniqueIdentifier>{93995380-89BD-4b04-88EB-625FBE52EBFB}</UniqueIdentifier>
      <Extensions>h;hpp;hxx;hm;inl;inc;xsd</Extensions>
    </Filter>
    <Filter Include="Resource Files">
      <UniqueIdentifier>{67DA6AB6-F800-4c08-8B7A-83BB121AAD01}</UniqueIdentifier>
      <Extensions>rc;ico;cur;bmp;dlg;rc2;rct;bin;rgs;gif;jpg;jpeg;jpe;resx</Extensions>
    </Filter>
  </ItemGroup>
  <ItemGroup>
    <ClCompile Include="archivecontroller.cpp">
      <Filter>Source Files</Filter>
    </ClCompile>
    <ClCompile Include="archivefactory.cpp">
      <Filter>Source Files</Filter>
    </ClCompile>
    <ClCompile Include="common.cpp">
      <Filter>Source Files</Filter>
    </ClCompile>
    <ClCompile Include="win32\commonmajor.cpp">
      <Filter>Source Files</Filter>
    </ClCompile>
    <ClCompile Include="configvalueobj.cpp">
      <Filter>Source Files</Filter>
    </ClCompile>
    <ClCompile Include="connection.cpp">
      <Filter>Source Files</Filter>
    </ClCompile>
    <ClCompile Include="filefilter.cpp">
      <Filter>Source Files</Filter>
    </ClCompile>
    <ClCompile Include="filelister.cpp">
      <Filter>Source Files</Filter>
    </ClCompile>
    <ClCompile Include="filelistprocess.cpp">
      <Filter>Source Files</Filter>
    </ClCompile>
    <ClCompile Include="filesystemobj.cpp">
      <Filter>Source Files</Filter>
    </ClCompile>
    <ClCompile Include="hcaparcprocess.cpp">
      <Filter>Source Files</Filter>
    </ClCompile>
    <ClCompile Include="hcapcifsnfsarchiveobj.cpp">
      <Filter>Source Files</Filter>
    </ClCompile>
    <ClCompile Include="hcaphttparchiveobj.cpp">
      <Filter>Source Files</Filter>
    </ClCompile>
    <ClCompile Include="httptransport.cpp">
      <Filter>Source Files</Filter>
    </ClCompile>
    <ClCompile Include="icatexception.cpp">
      <Filter>Source Files</Filter>
    </ClCompile>
    <ClCompile Include="icatqueue.cpp">
      <Filter>Source Files</Filter>
    </ClCompile>
    <ClCompile Include="main.cpp">
      <Filter>Source Files</Filter>
    </ClCompile>
    <ClCompile Include="parser.cpp">
      <Filter>Source Files</Filter>
    </ClCompile>
    <ClCompile Include="resumetracker.cpp">
      <Filter>Source Files</Filter>
    </ClCompile>
  </ItemGroup>
  <ItemGroup>
    <ClInclude Include="archivecontroller.h">
      <Filter>Header Files</Filter>
    </ClInclude>
    <ClInclude Include="archivefactory.h">
      <Filter>Header Files</Filter>
    </ClInclude>
    <ClInclude Include="archiveobject.h">
      <Filter>Header Files</Filter>
    </ClInclude>
    <ClInclude Include="archiveprocess.h">
      <Filter>Header Files</Filter>
    </ClInclude>
    <ClInclude Include="common.h">
      <Filter>Header Files</Filter>
    </ClInclude>
    <ClInclude Include="configvalueobj.h">
      <Filter>Header Files</Filter>
    </ClInclude>
    <ClInclude Include="connection.h">
      <Filter>Header Files</Filter>
    </ClInclude>
    <ClInclude Include="defs.h">
      <Filter>Header Files</Filter>
    </ClInclude>
    <ClInclude Include="filefilter.h">
      <Filter>Header Files</Filter>
    </ClInclude>
    <ClInclude Include="filelister.h">
      <Filter>Header Files</Filter>
    </ClInclude>
    <ClInclude Include="filesystemobj.h">
      <Filter>Header Files</Filter>
    </ClInclude>
    <ClInclude Include="hcapcodes.h">
      <Filter>Header Files</Filter>
    </ClInclude>
    <ClInclude Include="icatexception.h">
      <Filter>Header Files</Filter>
    </ClInclude>
    <ClInclude Include="icatqueue.h">
      <Filter>Header Files</Filter>
    </ClInclude>
    <ClInclude Include="parser.h">
      <Filter>Header Files</Filter>
    </ClInclude>
    <ClInclude Include="resource.h">
      <Filter>Header Files</Filter>
    </ClInclude>
    <ClInclude Include="resumetracker.h">
      <Filter>Header Files</Filter>
    </ClInclude>
    <ClInclude Include="transport.h">
      <Filter>Header Files</Filter>
    </ClInclude>
  </ItemGroup>
  <ItemGroup>
    <ResourceCompile Include="icat.rc">
      <Filter>Resource Files</Filter>
    </ResourceCompile>
  </ItemGroup>
  <ItemGroup>
    <Text Include="ReadMe.txt" />
  </ItemGroup>
</Project>