<?xml version="1.0" encoding="utf-8"?>
<Project ToolsVersion="4.0" xmlns="http://schemas.microsoft.com/developer/msbuild/2003">
  <ItemGroup>
    <Filter Include="Source Files">
      <UniqueIdentifier>{4FC737F1-C7A5-4376-A066-2A32D752A2FF}</UniqueIdentifier>
      <Extensions>cpp;c;cxx;def;odl;idl;hpj;bat;asm;asmx</Extensions>
    </Filter>
    <Filter Include="Source Files\unix">
      <UniqueIdentifier>{e51014c0-8f31-47c9-a2de-e770c558c10e}</UniqueIdentifier>
    </Filter>
    <Filter Include="Source Files\win32">
      <UniqueIdentifier>{696983ec-1271-4bfd-b90a-4bd8dd246aa9}</UniqueIdentifier>
    </Filter>
    <Filter Include="Header Files">
      <UniqueIdentifier>{93995380-89BD-4b04-88EB-625FBE52EBFB}</UniqueIdentifier>
      <Extensions>h;hpp;hxx;hm;inl;inc;xsd</Extensions>
    </Filter>
    <Filter Include="Resource Files">
      <UniqueIdentifier>{67DA6AB6-F800-4c08-8B7A-83BB121AAD01}</UniqueIdentifier>
      <Extensions>rc;ico;cur;bmp;dlg;rc2;rct;bin;rgs;gif;jpg;jpeg;jpe;resx</Extensions>
    </Filter>
  </ItemGroup>
  <ItemGroup>
    <ClCompile Include="conversionexception.cpp">
      <Filter>Source Files</Filter>
    </ClCompile>
    <ClCompile Include="convertorfactory.cpp">
      <Filter>Source Files</Filter>
    </ClCompile>
    <ClCompile Include="emptyconvertor.cpp">
      <Filter>Source Files</Filter>
    </ClCompile>
    <ClCompile Include="hashconvertor.cpp">
      <Filter>Source Files</Filter>
    </ClCompile>
    <ClCompile Include="standardtypeconvertor.cpp">
      <Filter>Source Files</Filter>
    </ClCompile>
    <ClCompile Include="svdconvertor.cpp">
      <Filter>Source Files</Filter>
    </ClCompile>
    <ClCompile Include="unix\svdconvertormajor.cpp">
      <Filter>Source Files\unix</Filter>
    </ClCompile>
    <ClCompile Include="win32\svdconvertormajor.cpp">
      <Filter>Source Files\win32</Filter>
    </ClCompile>
  </ItemGroup>
  <ItemGroup>
    <ClInclude Include="baseconvertor.h">
      <Filter>Header Files</Filter>
    </ClInclude>
    <ClInclude Include="conversionexception.h">
      <Filter>Header Files</Filter>
    </ClInclude>
    <ClInclude Include="convertorfactory.h">
      <Filter>Header Files</Filter>
    </ClInclude>
    <ClInclude Include="emptyconvertor.h">
      <Filter>Header Files</Filter>
    </ClInclude>
    <ClInclude Include="hashconvertor.h">
      <Filter>Header Files</Filter>
    </ClInclude>
    <ClInclude Include="standardtypeconvertor.h">
      <Filter>Header Files</Filter>
    </ClInclude>
    <ClInclude Include="svdconvertor.h">
      <Filter>Header Files</Filter>
    </ClInclude>
  </ItemGroup>
</Project>