<?xml version="1.0" encoding="utf-8"?>
<Project ToolsVersion="4.0" xmlns="http://schemas.microsoft.com/developer/msbuild/2003">
  <ItemGroup>
    <ClCompile Include="appcommand.cpp" />
    <ClCompile Include="autoFS.cpp" />
    <ClCompile Include="ErrorLogger.cpp" />
    <ClCompile Include="HealthCollator.cpp" />
    <ClCompile Include="hostrecoverymanager.cpp" />
    <ClCompile Include="proxysettings.cpp" />
    <ClCompile Include="win32\dbgbreak.cpp" />
    <ClCompile Include="win32\diskslayoutupdaterimp.cpp" />
    <ClCompile Include="win32\genericwmi.cpp" />
    <ClCompile Include="hostagenthelpers.cpp" />
    <ClCompile Include="HttpFileTransfer.cpp" />
    <ClCompile Include="portablehelpers.cpp" />
    <ClCompile Include="win32\hostrecoverymanagermajor.cpp" />
    <ClCompile Include="win32\InmageDriverInterface.cpp" />
    <ClCompile Include="win32\portablehelpersmajor.cpp" />
    <ClCompile Include="portablewin.cpp" />
    <ClCompile Include="win32\registry.cpp" />
    <ClCompile Include="win32\RegistryOperations.cpp" />
    <ClCompile Include="win32\service.cpp" />
    <ClCompile Include="svtypes.cpp" />
    <ClCompile Include="svtypesstub.cpp" />
    <ClCompile Include="svutilities.cpp" />
    <ClCompile Include="svutils.cpp" />
    <ClCompile Include="win32\wmiconnect.cpp" />
    <ClCompile Include="win32\wmiusers.cpp" />
    <ClCompile Include="inmcertutil.cpp" />
    <ClCompile Include="win32\portablehelpersmajorex.cpp" />
    <ClCompile Include="win32\Failoverclusterinfocollector.cpp" />
    <ClCompile Include="ServiceHelper.cpp" />
    <ClCompile Include="imdshelpers.cpp" />
  </ItemGroup>
  <ItemGroup>
    <ClInclude Include="AgentHealthContract.h" />
    <ClInclude Include="AgentHealthIssueNumbers.h" />
    <ClInclude Include="appcommand.h" />
    <ClInclude Include="autoFS.h" />
    <ClInclude Include="azurevmrecoverymanager.h" />
    <ClInclude Include="compatibility.h" />
    <ClInclude Include="ErrorLogger.h" />
    <ClInclude Include="HealthCollator.h" />
    <ClInclude Include="hostrecoverymanager.h" />
    <ClInclude Include="proxysettings.h" />
    <ClInclude Include="stdafx.h" />
    <ClInclude Include="win32\dbgbreak.h" />
    <ClInclude Include="defines.h" />
    <ClInclude Include="win32\DiskHelpers.h" />
    <ClInclude Include="win32\disklabeldefines.h" />
    <ClInclude Include="diskslayoutupdater.h" />
    <ClInclude Include="win32\diskslayoutupdaterimp.h" />
    <ClInclude Include="FileTransfer.h" />
    <ClInclude Include="win32\genericwmi.h" />
    <ClInclude Include="globs.h" />
    <ClInclude Include="hostagenthelpers.h" />
    <ClInclude Include="hostagenthelpers_ported.h" />
    <ClInclude Include="HttpFileTransfer.h" />
    <ClInclude Include="inmageex.h" />
    <ClInclude Include="inmcoalesce.h" />
    <ClInclude Include="inmcommand.h" />
    <ClInclude Include="inmdefines.h" />
    <ClInclude Include="win32\InmageDriverInterface.h" />
    <ClInclude Include="win32\inmdefinesmajor.h" />
    <ClInclude Include="inmstrcmp.h" />
    <ClInclude Include="pats.h" />
    <ClInclude Include="portable.h" />
    <ClInclude Include="portablehelpers.h" />
    <ClInclude Include="win32\portablehelpersmajor.h" />
    <ClInclude Include="portablewin.h" />
    <ClInclude Include="printfunctions.h" />
    <ClInclude Include="win32\registry.h" />
    <ClInclude Include="service.h" />
    <ClInclude Include="svdparse.h" />
    <ClInclude Include="svstatus.h" />
    <ClInclude Include="win32\RegistryOperations.h" />
    <ClInclude Include="win32\svtypes.h" />
    <ClInclude Include="svtypesstub.h" />
    <ClInclude Include="svutilities.h" />
    <ClInclude Include="svutils.h" />
    <ClInclude Include="transportprotocols.h" />
    <ClInclude Include="volinfocollector.h" />
    <ClInclude Include="win32\wmiconnect.h" />
    <ClInclude Include="win32\wmiusers.h" />
    <ClInclude Include="inmcertutil.h" />
    <ClInclude Include="win32\Failoverclusterinfocollector.h" />
    <ClInclude Include="ServiceHelper.h" />
    <ClInclude Include="VMSecurityTypes.h" />
  </ItemGroup>
</Project>