<?xml version="1.0" encoding="utf-8"?>
<Project ToolsVersion="4.0" xmlns="http://schemas.microsoft.com/developer/msbuild/2003">
  <ItemGroup>
    <Filter Include="Source Files">
      <UniqueIdentifier>{4FC737F1-C7A5-4376-A066-2A32D752A2FF}</UniqueIdentifier>
      <Extensions>cpp;c;cxx;def;odl;idl;hpj;bat;asm;asmx</Extensions>
    </Filter>
    <Filter Include="Header Files">
      <UniqueIdentifier>{93995380-89BD-4b04-88EB-625FBE52EBFB}</UniqueIdentifier>
      <Extensions>h;hpp;hxx;hm;inl;inc;xsd</Extensions>
    </Filter>
    <Filter Include="Header Files\Common">
      <UniqueIdentifier>{2a6b93a1-9b42-4e73-83e9-f6f4251aaa45}</UniqueIdentifier>
    </Filter>
    <Filter Include="Resource Files">
      <UniqueIdentifier>{67DA6AB6-F800-4c08-8B7A-83BB121AAD01}</UniqueIdentifier>
      <Extensions>rc;ico;cur;bmp;dlg;rc2;rct;bin;rgs;gif;jpg;jpeg;jpe;resx</Extensions>
    </Filter>
    <Filter Include="Makefiles">
      <UniqueIdentifier>{1fdefcb4-edc5-48f0-be30-4dba7b331728}</UniqueIdentifier>
    </Filter>
  </ItemGroup>
  <ItemGroup>
    <ClCompile Include="AsyncIORequest.cpp">
      <Filter>Source Files</Filter>
    </ClCompile>
    <ClCompile Include="BaseClass.cpp">
      <Filter>Source Files</Filter>
    </ClCompile>
    <ClCompile Include="BitmapAPI.cpp">
      <Filter>Source Files</Filter>
    </ClCompile>
    <ClCompile Include="BitmapOperations.cpp">
      <Filter>Source Files</Filter>
    </ClCompile>
    <ClCompile Include="BitmapPersistentValues.cpp">
      <Filter>Source Files</Filter>
    </ClCompile>
    <ClCompile Include="Bypass.cpp">
      <Filter>Source Files</Filter>
    </ClCompile>
    <ClCompile Include="ChangeNode.cpp">
      <Filter>Source Files</Filter>
    </ClCompile>
    <ClCompile Include="classes.cpp">
      <Filter>Source Files</Filter>
    </ClCompile>
    <ClCompile Include="DataFile.cpp">
      <Filter>Source Files</Filter>
    </ClCompile>
    <ClCompile Include="DataFileWriter.cpp">
      <Filter>Source Files</Filter>
    </ClCompile>
    <ClCompile Include="DataFileWriterMgr.cpp">
      <Filter>Source Files</Filter>
    </ClCompile>
    <ClCompile Include="DataFlt.cpp">
      <Filter>Source Files</Filter>
    </ClCompile>
    <ClCompile Include="DirtyBlock.cpp">
      <Filter>Source Files</Filter>
    </ClCompile>
    <ClCompile Include="DriverContext.cpp">
      <Filter>Source Files</Filter>
    </ClCompile>
    <ClCompile Include="FileStream.cpp">
      <Filter>Source Files</Filter>
    </ClCompile>
    <ClCompile Include="FileStreamSegmentMapper.cpp">
      <Filter>Source Files</Filter>
    </ClCompile>
    <ClCompile Include="HelperFunctions.cpp">
      <Filter>Source Files</Filter>
    </ClCompile>
    <ClCompile Include="InVolFlt.cpp">
      <Filter>Source Files</Filter>
    </ClCompile>
    <ClCompile Include="IOBuffer.cpp">
      <Filter>Source Files</Filter>
    </ClCompile>
    <ClCompile Include="IoctlInfo.cpp">
      <Filter>Source Files</Filter>
    </ClCompile>
    <ClCompile Include="ListNode.cpp">
      <Filter>Source Files</Filter>
    </ClCompile>
    <ClCompile Include="MetaDataMode.cpp">
      <Filter>Source Files</Filter>
    </ClCompile>
    <ClCompile Include="misc.cpp">
      <Filter>Source Files</Filter>
    </ClCompile>
    <ClCompile Include="MntMgr.cpp">
      <Filter>Source Files</Filter>
    </ClCompile>
    <ClCompile Include="mscs.cpp">
      <Filter>Source Files</Filter>
    </ClCompile>
    <ClCompile Include="Profiler.cpp">
      <Filter>Source Files</Filter>
    </ClCompile>
    <ClCompile Include="Registry.cpp">
      <Filter>Source Files</Filter>
    </ClCompile>
    <ClCompile Include="RegMultisz.cpp">
      <Filter>Source Files</Filter>
    </ClCompile>
    <ClCompile Include="SegmentedBitmap.cpp">
      <Filter>Source Files</Filter>
    </ClCompile>
    <ClCompile Include="TagNode.cpp">
      <Filter>Source Files</Filter>
    </ClCompile>
    <ClCompile Include="VBitmap.cpp">
      <Filter>Source Files</Filter>
    </ClCompile>
    <ClCompile Include="VContext.cpp">
      <Filter>Source Files</Filter>
    </ClCompile>
    <ClCompile Include="WorkQueue.cpp">
      <Filter>Source Files</Filter>
    </ClCompile>
    <ClCompile Include="md5.cpp">
      <Filter>Source Files</Filter>
    </ClCompile>
  </ItemGroup>
  <ItemGroup>
    <ClInclude Include="AsyncIORequest.h">
      <Filter>Header Files</Filter>
    </ClInclude>
    <ClInclude Include="BaseClass.h">
      <Filter>Header Files</Filter>
    </ClInclude>
    <ClInclude Include="BitmapAPI.h">
      <Filter>Header Files</Filter>
    </ClInclude>
    <ClInclude Include="BitmapOperations.h">
      <Filter>Header Files</Filter>
    </ClInclude>
    <ClInclude Include="BitmapPersistentValues.h">
      <Filter>Header Files</Filter>
    </ClInclude>
    <ClInclude Include="Bypass.h">
      <Filter>Header Files</Filter>
    </ClInclude>
    <ClInclude Include="ChangeNode.h">
      <Filter>Header Files</Filter>
    </ClInclude>
    <ClInclude Include="Common.h">
      <Filter>Header Files</Filter>
    </ClInclude>
    <ClInclude Include="CPP-RunTimeSupport.h">
      <Filter>Header Files</Filter>
    </ClInclude>
    <ClInclude Include="DataFile.h">
      <Filter>Header Files</Filter>
    </ClInclude>
    <ClInclude Include="DataFileWriter.h">
      <Filter>Header Files</Filter>
    </ClInclude>
    <ClInclude Include="DataFileWriterMgr.h">
      <Filter>Header Files</Filter>
    </ClInclude>
    <ClInclude Include="DataFlt.h">
      <Filter>Header Files</Filter>
    </ClInclude>
    <ClInclude Include="DirtyBlock.h">
      <Filter>Header Files</Filter>
    </ClInclude>
    <ClInclude Include="DriverContext.h">
      <Filter>Header Files</Filter>
    </ClInclude>
    <ClInclude Include="..\..\Include\win32\DrvDefines.h">
      <Filter>Header Files\Common</Filter>
    </ClInclude>
    <ClInclude Include="FileStream.h">
      <Filter>Header Files</Filter>
    </ClInclude>
    <ClInclude Include="FileStreamSegmentMapper.h">
      <Filter>Header Files</Filter>
    </ClInclude>
    <ClInclude Include="global.h">
      <Filter>Header Files</Filter>
    </ClInclude>
    <ClInclude Include="HelperFunctions.h">
      <Filter>Header Files</Filter>
    </ClInclude>
    <ClInclude Include="InMageDebug.h">
      <Filter>Header Files</Filter>
    </ClInclude>
    <ClInclude Include="InVolFlt.h">
      <Filter>Header Files</Filter>
    </ClInclude>
    <ClInclude Include="involfltlog.h">
      <Filter>Header Files</Filter>
    </ClInclude>
    <ClInclude Include="IOBuffer.h">
      <Filter>Header Files</Filter>
    </ClInclude>
    <ClInclude Include="IoctlInfo.h">
      <Filter>Header Files</Filter>
    </ClInclude>
    <ClInclude Include="ListNode.h">
      <Filter>Header Files</Filter>
    </ClInclude>
    <ClInclude Include="MetaDataMode.h">
      <Filter>Header Files</Filter>
    </ClInclude>
    <ClInclude Include="misc.h">
      <Filter>Header Files</Filter>
    </ClInclude>
    <ClInclude Include="MntMgr.h">
      <Filter>Header Files</Filter>
    </ClInclude>
    <ClInclude Include="mscs.h">
      <Filter>Header Files</Filter>
    </ClInclude>
    <ClInclude Include="OSDevice.h">
      <Filter>Header Files</Filter>
    </ClInclude>
    <ClInclude Include="Platform.h">
      <Filter>Header Files</Filter>
    </ClInclude>
    <ClInclude Include="Profiler.h">
      <Filter>Header Files</Filter>
    </ClInclude>
    <ClInclude Include="Registry.h">
      <Filter>Header Files</Filter>
    </ClInclude>
    <ClInclude Include="RegMultisz.h">
      <Filter>Header Files</Filter>
    </ClInclude>
    <ClInclude Include="ScopeSpinLock.h">
      <Filter>Header Files</Filter>
    </ClInclude>
    <ClInclude Include="ScopeTrace.h">
      <Filter>Header Files</Filter>
    </ClInclude>
    <ClInclude Include="SegmentedBitmap.h">
      <Filter>Header Files</Filter>
    </ClInclude>
    <ClInclude Include="SegmentMapper.h">
      <Filter>Header Files</Filter>
    </ClInclude>
    <ClInclude Include="TagNode.h">
      <Filter>Header Files</Filter>
    </ClInclude>
    <ClInclude Include="VBitmap.h">
      <Filter>Header Files</Filter>
    </ClInclude>
    <ClInclude Include="VContext.h">
      <Filter>Header Files</Filter>
    </ClInclude>
    <ClInclude Include="WinSvdParse.h">
      <Filter>Header Files</Filter>
    </ClInclude>
    <ClInclude Include="WorkQueue.h">
      <Filter>Header Files</Filter>
    </ClInclude>
    <ClInclude Include="WriteMetaData.h">
      <Filter>Header Files</Filter>
    </ClInclude>
    <ClInclude Include="..\..\Include\win32\DriverTags.h">
      <Filter>Header Files\Common</Filter>
    </ClInclude>
    <ClInclude Include="..\..\..\common\svdparse.h">
      <Filter>Header Files\Common</Filter>
    </ClInclude>
  </ItemGroup>
  <ItemGroup>
    <ResourceCompile Include="InVolFlt.rc">
      <Filter>Resource Files</Filter>
    </ResourceCompile>
  </ItemGroup>
  <ItemGroup>
    <None Include="InVolFltLog.mc">
      <Filter>Resource Files</Filter>
    </None>
    <None Include="makefile">
      <Filter>Makefiles</Filter>
    </None>
    <None Include="sources">
      <Filter>Makefiles</Filter>
    </None>
  </ItemGroup>
</Project>