<?xml version="1.0" encoding="utf-8"?>
<Project ToolsVersion="15.0" xmlns="http://schemas.microsoft.com/developer/msbuild/2003">
  <ItemGroup>
    <ClCompile Include="..\ClusterCustomerResource\clustmon\cluster.cpp">
      <Filter>Source Files</Filter>
    </ClCompile>
    <ClCompile Include="dataprotectionRcm.cpp">
      <Filter>Source Files</Filter>
    </ClCompile>
    <ClCompile Include="..\dataprotection\clusterparams.cpp">
      <Filter>Source Files</Filter>
    </ClCompile>
    <ClCompile Include="..\dataprotection\clustergen.cpp">
      <Filter>Source Files</Filter>
    </ClCompile>
    <ClCompile Include="..\dataprotection\fastsync.cpp">
      <Filter>Source Files</Filter>
    </ClCompile>
    <ClCompile Include="fastsyncRcm.cpp">
      <Filter>Source Files</Filter>
    </ClCompile>
    <ClCompile Include="..\dataprotection\fsclusterinfo.cpp">
      <Filter>Source Files</Filter>
    </ClCompile>
    <ClCompile Include="..\dataprotection\hashcomparedata.cpp">
      <Filter>Source Files</Filter>
    </ClCompile>
    <ClCompile Include="..\dataprotection\hcdgen.cpp">
      <Filter>Source Files</Filter>
    </ClCompile>
    <ClCompile Include="..\dataprotection\hcdsend.cpp">
      <Filter>Source Files</Filter>
    </ClCompile>
    <ClCompile Include="main.cpp">
      <Filter>Source Files</Filter>
    </ClCompile>
    <ClCompile Include="..\dataprotection\processcluster.cpp">
      <Filter>Source Files</Filter>
    </ClCompile>
    <ClCompile Include="resyncRcmSettings.cpp">
      <Filter>Source Files</Filter>
    </ClCompile>
    <ClCompile Include="resyncStateManager.cpp">
      <Filter>Source Files</Filter>
    </ClCompile>
    <ClCompile Include="..\dataprotectionCommon\globalHealthCollator.cpp">
      <Filter>Source Files</Filter>
    </ClCompile>
  </ItemGroup>
  <ItemGroup>
    <ClInclude Include="..\ClusterCustomerResource\clustmon\cluster.h">
      <Filter>Header Files</Filter>
    </ClInclude>
    <ClInclude Include="dataprotectionRcm.h">
      <Filter>Header Files</Filter>
    </ClInclude>
    <ClInclude Include="dpRcmProgramargs.h">
      <Filter>Header Files</Filter>
    </ClInclude>
    <ClInclude Include="..\dataprotection\fastsync.h">
      <Filter>Header Files</Filter>
    </ClInclude>
    <ClInclude Include="fastsyncRcm.h">
      <Filter>Header Files</Filter>
    </ClInclude>
    <ClInclude Include="..\dataprotection\fsclusterinfo.h">
      <Filter>Header Files</Filter>
    </ClInclude>
    <ClInclude Include="..\dataprotection\hcdgen.h">
      <Filter>Header Files</Filter>
    </ClInclude>
    <ClInclude Include="resource.h">
      <Filter>Header Files</Filter>
    </ClInclude>
    <ClInclude Include="..\dataprotection\processcluster.h">
      <Filter>Header Files</Filter>
    </ClInclude>
    <ClInclude Include="resyncRcmSettings.h">
      <Filter>Header Files</Filter>
    </ClInclude>
    <ClInclude Include="resyncStateManager.h">
      <Filter>Header Files</Filter>
    </ClInclude>
    <ClInclude Include="..\dataprotection\hashcomparedata.h">
      <Filter>Header Files</Filter>
    </ClInclude>
    <ClInclude Include="..\dataprotectionCommon\dataprotectionBase.h">
      <Filter>Header Files</Filter>
    </ClInclude>
    <ClInclude Include="..\dataprotectionCommon\globalHealthCollator.h">
      <Filter>Header Files</Filter>
    </ClInclude>
  </ItemGroup>
  <ItemGroup>
    <Filter Include="Header Files">
      <UniqueIdentifier>{0329bcd0-5911-43e8-b225-d466a3697291}</UniqueIdentifier>
    </Filter>
    <Filter Include="Source Files">
      <UniqueIdentifier>{8d2840d8-932e-4cdf-8110-fd5261700077}</UniqueIdentifier>
    </Filter>
    <Filter Include="Resource Files">
      <UniqueIdentifier>{cb554cf6-e145-4917-a4cd-3fb7ce69d78a}</UniqueIdentifier>
    </Filter>
  </ItemGroup>
  <ItemGroup>
    <ResourceCompile Include="DataProtectionSyncRcm.rc">
      <Filter>Resource Files</Filter>
    </ResourceCompile>
  </ItemGroup>
</Project>